// !$*UTF8*$!
{
	archiveVersion = 1;
	classes = {
	};
	objectVersion = 46;
	objects = {

/* Begin PBXBuildFile section */
		72148C661B57852A00A063FF /* GTM_Base64.m in Sources */ = {isa = PBXBuildFile; fileRef = 72148C3D1B57852A00A063FF /* GTM_Base64.m */; };
		72148C671B57852A00A063FF /* QNAsyncRun.m in Sources */ = {isa = PBXBuildFile; fileRef = 72148C3F1B57852A00A063FF /* QNAsyncRun.m */; };
		72148C681B57852A00A063FF /* QNCrc32.m in Sources */ = {isa = PBXBuildFile; fileRef = 72148C411B57852A00A063FF /* QNCrc32.m */; };
		72148C691B57852A00A063FF /* QNEtag.m in Sources */ = {isa = PBXBuildFile; fileRef = 72148C431B57852A00A063FF /* QNEtag.m */; };
		72148C6A1B57852A00A063FF /* QNUrlSafeBase64.m in Sources */ = {isa = PBXBuildFile; fileRef = 72148C451B57852A00A063FF /* QNUrlSafeBase64.m */; };
		72148C6B1B57852A00A063FF /* QNDns.m in Sources */ = {isa = PBXBuildFile; fileRef = 72148C491B57852A00A063FF /* QNDns.m */; };
		72148C6C1B57852A00A063FF /* QNHttpManager.m in Sources */ = {isa = PBXBuildFile; fileRef = 72148C4C1B57852A00A063FF /* QNHttpManager.m */; };
		72148C6D1B57852A00A063FF /* QNResponseInfo.m in Sources */ = {isa = PBXBuildFile; fileRef = 72148C4E1B57852A00A063FF /* QNResponseInfo.m */; };
		72148C6E1B57852A00A063FF /* QNSessionManager.m in Sources */ = {isa = PBXBuildFile; fileRef = 72148C501B57852A00A063FF /* QNSessionManager.m */; };
		72148C6F1B57852A00A063FF /* QNUserAgent.m in Sources */ = {isa = PBXBuildFile; fileRef = 72148C521B57852A00A063FF /* QNUserAgent.m */; };
		72148C701B57852A00A063FF /* QNFileRecorder.m in Sources */ = {isa = PBXBuildFile; fileRef = 72148C561B57852A00A063FF /* QNFileRecorder.m */; };
		72148C711B57852A00A063FF /* QNConfiguration.m in Sources */ = {isa = PBXBuildFile; fileRef = 72148C5A1B57852A00A063FF /* QNConfiguration.m */; };
		72148C721B57852A00A063FF /* QNFormUpload.m in Sources */ = {isa = PBXBuildFile; fileRef = 72148C5C1B57852A00A063FF /* QNFormUpload.m */; };
		72148C731B57852A00A063FF /* QNResumeUpload.m in Sources */ = {isa = PBXBuildFile; fileRef = 72148C5E1B57852A00A063FF /* QNResumeUpload.m */; };
		72148C741B57852A00A063FF /* QNUploadManager.m in Sources */ = {isa = PBXBuildFile; fileRef = 72148C601B57852A00A063FF /* QNUploadManager.m */; };
		72148C751B57852A00A063FF /* QNUploadOption.m in Sources */ = {isa = PBXBuildFile; fileRef = 72148C631B57852A00A063FF /* QNUploadOption.m */; };
		72148C761B57852A00A063FF /* QNUpToken.m in Sources */ = {isa = PBXBuildFile; fileRef = 72148C651B57852A00A063FF /* QNUpToken.m */; };
		72148C951B5786D400A063FF /* libz.dylib in Frameworks */ = {isa = PBXBuildFile; fileRef = 72148C941B5786D400A063FF /* libz.dylib */; };
		72148EED1B578CC300A063FF /* AFHTTPRequestOperation.m in Sources */ = {isa = PBXBuildFile; fileRef = 72148EDB1B578CC300A063FF /* AFHTTPRequestOperation.m */; };
		72148EEE1B578CC300A063FF /* AFHTTPRequestOperationManager.m in Sources */ = {isa = PBXBuildFile; fileRef = 72148EDD1B578CC300A063FF /* AFHTTPRequestOperationManager.m */; };
		72148EEF1B578CC300A063FF /* AFHTTPSessionManager.m in Sources */ = {isa = PBXBuildFile; fileRef = 72148EDF1B578CC300A063FF /* AFHTTPSessionManager.m */; };
		72148EF01B578CC300A063FF /* AFNetworkReachabilityManager.m in Sources */ = {isa = PBXBuildFile; fileRef = 72148EE21B578CC300A063FF /* AFNetworkReachabilityManager.m */; };
		72148EF11B578CC300A063FF /* AFSecurityPolicy.m in Sources */ = {isa = PBXBuildFile; fileRef = 72148EE41B578CC300A063FF /* AFSecurityPolicy.m */; };
		72148EF21B578CC300A063FF /* AFURLConnectionOperation.m in Sources */ = {isa = PBXBuildFile; fileRef = 72148EE61B578CC300A063FF /* AFURLConnectionOperation.m */; };
		72148EF31B578CC300A063FF /* AFURLRequestSerialization.m in Sources */ = {isa = PBXBuildFile; fileRef = 72148EE81B578CC300A063FF /* AFURLRequestSerialization.m */; };
		72148EF41B578CC300A063FF /* AFURLResponseSerialization.m in Sources */ = {isa = PBXBuildFile; fileRef = 72148EEA1B578CC300A063FF /* AFURLResponseSerialization.m */; };
		72148EF51B578CC300A063FF /* AFURLSessionManager.m in Sources */ = {isa = PBXBuildFile; fileRef = 72148EEC1B578CC300A063FF /* AFURLSessionManager.m */; };
		723E59881B5CB775005EC263 /* BaseViewCell.swift in Sources */ = {isa = PBXBuildFile; fileRef = 723E59871B5CB775005EC263 /* BaseViewCell.swift */; };
		723E598B1B5CDA10005EC263 /* RecommendCourseCell.swift in Sources */ = {isa = PBXBuildFile; fileRef = 723E59891B5CDA10005EC263 /* RecommendCourseCell.swift */; };
		723E598C1B5CDA10005EC263 /* RecommendCourseCell.xib in Resources */ = {isa = PBXBuildFile; fileRef = 723E598A1B5CDA10005EC263 /* RecommendCourseCell.xib */; };
		723E59921B5D12AC005EC263 /* MGSwipeTabBarController.m in Sources */ = {isa = PBXBuildFile; fileRef = 723E598F1B5D12AC005EC263 /* MGSwipeTabBarController.m */; };
		723E59931B5D12AC005EC263 /* UIViewController+MGSwipeTabBarController.m in Sources */ = {isa = PBXBuildFile; fileRef = 723E59911B5D12AC005EC263 /* UIViewController+MGSwipeTabBarController.m */; };
		723E59951B5D1381005EC263 /* CircleViewController.swift in Sources */ = {isa = PBXBuildFile; fileRef = 723E59941B5D1381005EC263 /* CircleViewController.swift */; };
		723E59991B5D15A7005EC263 /* HMSegmentedControl.m in Sources */ = {isa = PBXBuildFile; fileRef = 723E59981B5D15A7005EC263 /* HMSegmentedControl.m */; };
		723E599B1B5D2E99005EC263 /* Settings.swift in Sources */ = {isa = PBXBuildFile; fileRef = 723E599A1B5D2E99005EC263 /* Settings.swift */; };
		723E82811B492C6500861D6D /* SwiftyJSON.swift in Sources */ = {isa = PBXBuildFile; fileRef = 723E82801B492C6500861D6D /* SwiftyJSON.swift */; };
		723E82881B49753500861D6D /* User.swift in Sources */ = {isa = PBXBuildFile; fileRef = 723E82851B49753500861D6D /* User.swift */; };
		723E82891B49753500861D6D /* Weibo.swift in Sources */ = {isa = PBXBuildFile; fileRef = 723E82861B49753500861D6D /* Weibo.swift */; };
		723E828F1B49756B00861D6D /* Article.swift in Sources */ = {isa = PBXBuildFile; fileRef = 723E828C1B49756B00861D6D /* Article.swift */; };
		723E82901B49756B00861D6D /* Course.swift in Sources */ = {isa = PBXBuildFile; fileRef = 723E828D1B49756B00861D6D /* Course.swift */; };
		723E82911B49756B00861D6D /* Gym.swift in Sources */ = {isa = PBXBuildFile; fileRef = 723E828E1B49756B00861D6D /* Gym.swift */; };
		723E82931B4980AF00861D6D /* ext.swift in Sources */ = {isa = PBXBuildFile; fileRef = 723E82921B4980AF00861D6D /* ext.swift */; };
		723E82951B4A399A00861D6D /* BaseDataItem.swift in Sources */ = {isa = PBXBuildFile; fileRef = 723E82941B4A399A00861D6D /* BaseDataItem.swift */; };
		723E82981B4A951900861D6D /* Feed.swift in Sources */ = {isa = PBXBuildFile; fileRef = 723E82971B4A951900861D6D /* Feed.swift */; };
		723E829A1B4A952400861D6D /* RecommendList.swift in Sources */ = {isa = PBXBuildFile; fileRef = 723E82991B4A952400861D6D /* RecommendList.swift */; };
		723E829C1B4A9A7300861D6D /* BaseDataList.swift in Sources */ = {isa = PBXBuildFile; fileRef = 723E829B1B4A9A7300861D6D /* BaseDataList.swift */; };
		723E829E1B4AC3D600861D6D /* Local.swift in Sources */ = {isa = PBXBuildFile; fileRef = 723E829D1B4AC3D600861D6D /* Local.swift */; };
		723E82A01B4ACDEA00861D6D /* FirstViewController.swift in Sources */ = {isa = PBXBuildFile; fileRef = 723E829F1B4ACDEA00861D6D /* FirstViewController.swift */; };
		723E82A21B4C1ED100861D6D /* FeedViewController.swift in Sources */ = {isa = PBXBuildFile; fileRef = 723E82A11B4C1ED100861D6D /* FeedViewController.swift */; };
		723E82A51B4CF1BB00861D6D /* WeiboViewController.swift in Sources */ = {isa = PBXBuildFile; fileRef = 723E82A41B4CF1BB00861D6D /* WeiboViewController.swift */; };
		723E82AD1B4D0E6100861D6D /* CommentViewController.swift in Sources */ = {isa = PBXBuildFile; fileRef = 723E82AC1B4D0E6100861D6D /* CommentViewController.swift */; };
		723E82DE1B4EC77200861D6D /* Comments.swift in Sources */ = {isa = PBXBuildFile; fileRef = 723E82DD1B4EC77200861D6D /* Comments.swift */; };
		72420B9F1B66100200462032 /* FeedCoachViewCell.swift in Sources */ = {isa = PBXBuildFile; fileRef = 72420B9D1B66100200462032 /* FeedCoachViewCell.swift */; };
		72420BA01B66100200462032 /* FeedCoachViewCell.xib in Resources */ = {isa = PBXBuildFile; fileRef = 72420B9E1B66100200462032 /* FeedCoachViewCell.xib */; };
		72420BA21B66533F00462032 /* Timeline.swift in Sources */ = {isa = PBXBuildFile; fileRef = 72420BA11B66533F00462032 /* Timeline.swift */; };
		72420BAC1B6750A600462032 /* ARSegmentPageController.m in Sources */ = {isa = PBXBuildFile; fileRef = 72420BA61B6750A600462032 /* ARSegmentPageController.m */; };
		72420BAD1B6750A600462032 /* ARSegmentPageHeader.m in Sources */ = {isa = PBXBuildFile; fileRef = 72420BA91B6750A600462032 /* ARSegmentPageHeader.m */; };
		72420BAE1B6750A600462032 /* ARSegmentView.m in Sources */ = {isa = PBXBuildFile; fileRef = 72420BAB1B6750A600462032 /* ARSegmentView.m */; };
		72420BB01B67539B00462032 /* UserDetailViewController.swift in Sources */ = {isa = PBXBuildFile; fileRef = 72420BAF1B67539B00462032 /* UserDetailViewController.swift */; };
		72420BB31B6760A700462032 /* UIImage+ImageEffects.m in Sources */ = {isa = PBXBuildFile; fileRef = 72420BB21B6760A700462032 /* UIImage+ImageEffects.m */; };
		72420BB51B676FE000462032 /* listdownload.jpg in Resources */ = {isa = PBXBuildFile; fileRef = 72420BB41B676FE000462032 /* listdownload.jpg */; };
		72420BB91B67DD3C00462032 /* MyPostViewController.xib in Resources */ = {isa = PBXBuildFile; fileRef = 72420BB71B67DD3C00462032 /* MyPostViewController.xib */; };
		72420BBD1B67E63400462032 /* AlbumViewController.xib in Resources */ = {isa = PBXBuildFile; fileRef = 72420BBB1B67E63400462032 /* AlbumViewController.xib */; };
		72420BC01B67E89F00462032 /* AlbumCell.swift in Sources */ = {isa = PBXBuildFile; fileRef = 72420BBE1B67E89F00462032 /* AlbumCell.swift */; };
		72420BC11B67E89F00462032 /* AlbumCell.xib in Resources */ = {isa = PBXBuildFile; fileRef = 72420BBF1B67E89F00462032 /* AlbumCell.xib */; };
		724652961B5230EE004E69C1 /* RecommendArticleCell.swift in Sources */ = {isa = PBXBuildFile; fileRef = 724652941B5230EE004E69C1 /* RecommendArticleCell.swift */; };
		724652971B5230EE004E69C1 /* RecommendArticleCell.xib in Resources */ = {isa = PBXBuildFile; fileRef = 724652951B5230EE004E69C1 /* RecommendArticleCell.xib */; };
		724652991B5232D5004E69C1 /* RecommendListViewController.swift in Sources */ = {isa = PBXBuildFile; fileRef = 724652981B5232D5004E69C1 /* RecommendListViewController.swift */; };
		7246529C1B52580A004E69C1 /* RecommendGymCell.swift in Sources */ = {isa = PBXBuildFile; fileRef = 7246529A1B52580A004E69C1 /* RecommendGymCell.swift */; };
		7246529D1B52580A004E69C1 /* RecommendGymCell.xib in Resources */ = {isa = PBXBuildFile; fileRef = 7246529B1B52580A004E69C1 /* RecommendGymCell.xib */; };
		724652A01B525821004E69C1 /* RecommendCoachCell.swift in Sources */ = {isa = PBXBuildFile; fileRef = 7246529E1B525821004E69C1 /* RecommendCoachCell.swift */; };
		724652A11B525821004E69C1 /* RecommendCoachCell.xib in Resources */ = {isa = PBXBuildFile; fileRef = 7246529F1B525821004E69C1 /* RecommendCoachCell.xib */; };
		724652A41B525841004E69C1 /* RecommendUserCell.swift in Sources */ = {isa = PBXBuildFile; fileRef = 724652A21B525841004E69C1 /* RecommendUserCell.swift */; };
		724652A51B525841004E69C1 /* RecommendUserCell.xib in Resources */ = {isa = PBXBuildFile; fileRef = 724652A31B525841004E69C1 /* RecommendUserCell.xib */; };
		724652AD1B52A717004E69C1 /* Diskcached.swift in Sources */ = {isa = PBXBuildFile; fileRef = 724652A81B52A717004E69C1 /* Diskcached.swift */; };
		724652AE1B52A717004E69C1 /* ImageLoader.swift in Sources */ = {isa = PBXBuildFile; fileRef = 724652AA1B52A717004E69C1 /* ImageLoader.swift */; };
		724652AF1B52A717004E69C1 /* Info.plist in Resources */ = {isa = PBXBuildFile; fileRef = 724652AB1B52A717004E69C1 /* Info.plist */; };
		724652B01B52A717004E69C1 /* UIImageView+ImageLoader.swift in Sources */ = {isa = PBXBuildFile; fileRef = 724652AC1B52A717004E69C1 /* UIImageView+ImageLoader.swift */; };
		724652B31B538872004E69C1 /* Helper.swift in Sources */ = {isa = PBXBuildFile; fileRef = 724652B21B538872004E69C1 /* Helper.swift */; };
		724652B51B53EE9D004E69C1 /* CoachDetailViewController.swift in Sources */ = {isa = PBXBuildFile; fileRef = 724652B41B53EE9D004E69C1 /* CoachDetailViewController.swift */; };
		724652B81B54ECF2004E69C1 /* AlbumViewController.swift in Sources */ = {isa = PBXBuildFile; fileRef = 724652B71B54ECF2004E69C1 /* AlbumViewController.swift */; };
		724652BA1B54EEC6004E69C1 /* MyPostViewController.swift in Sources */ = {isa = PBXBuildFile; fileRef = 724652B91B54EEC6004E69C1 /* MyPostViewController.swift */; };
		724652BC1B54EF4E004E69C1 /* MyPost.swift in Sources */ = {isa = PBXBuildFile; fileRef = 724652BB1B54EF4E004E69C1 /* MyPost.swift */; };
		724652BE1B555C65004E69C1 /* TestViewController.swift in Sources */ = {isa = PBXBuildFile; fileRef = 724652BD1B555C65004E69C1 /* TestViewController.swift */; };
		7247EB9A1B6881A700A22F0C /* O2Nav.swift in Sources */ = {isa = PBXBuildFile; fileRef = 7247EB991B6881A700A22F0C /* O2Nav.swift */; };
		724EB4F51B47BECC00729F8F /* AppDelegate.swift in Sources */ = {isa = PBXBuildFile; fileRef = 724EB4F41B47BECC00729F8F /* AppDelegate.swift */; };
		724EB4F91B47BECC00729F8F /* BusinessViewController.swift in Sources */ = {isa = PBXBuildFile; fileRef = 724EB4F81B47BECC00729F8F /* BusinessViewController.swift */; };
		724EB4FC1B47BECC00729F8F /* Main.storyboard in Resources */ = {isa = PBXBuildFile; fileRef = 724EB4FA1B47BECC00729F8F /* Main.storyboard */; };
		724EB4FE1B47BECC00729F8F /* Images.xcassets in Resources */ = {isa = PBXBuildFile; fileRef = 724EB4FD1B47BECC00729F8F /* Images.xcassets */; };
		724EB5011B47BECC00729F8F /* LaunchScreen.xib in Resources */ = {isa = PBXBuildFile; fileRef = 724EB4FF1B47BECC00729F8F /* LaunchScreen.xib */; };
		724EB50D1B47BECC00729F8F /* o2gymTests.swift in Sources */ = {isa = PBXBuildFile; fileRef = 724EB50C1B47BECC00729F8F /* o2gymTests.swift */; };
		724EB53C1B4836A900729F8F /* Alamofire.swift in Sources */ = {isa = PBXBuildFile; fileRef = 724EB53B1B4836A900729F8F /* Alamofire.swift */; };
		724EB5441B4836F900729F8F /* Download.swift in Sources */ = {isa = PBXBuildFile; fileRef = 724EB53D1B4836F900729F8F /* Download.swift */; };
		724EB5451B4836F900729F8F /* Manager.swift in Sources */ = {isa = PBXBuildFile; fileRef = 724EB53E1B4836F900729F8F /* Manager.swift */; };
		724EB5461B4836F900729F8F /* ParameterEncoding.swift in Sources */ = {isa = PBXBuildFile; fileRef = 724EB53F1B4836F900729F8F /* ParameterEncoding.swift */; };
		724EB5471B4836F900729F8F /* Request.swift in Sources */ = {isa = PBXBuildFile; fileRef = 724EB5401B4836F900729F8F /* Request.swift */; };
		724EB5481B4836F900729F8F /* ResponseSerialization.swift in Sources */ = {isa = PBXBuildFile; fileRef = 724EB5411B4836F900729F8F /* ResponseSerialization.swift */; };
		724EB5491B4836F900729F8F /* Upload.swift in Sources */ = {isa = PBXBuildFile; fileRef = 724EB5421B4836F900729F8F /* Upload.swift */; };
		724EB54A1B4836F900729F8F /* Validation.swift in Sources */ = {isa = PBXBuildFile; fileRef = 724EB5431B4836F900729F8F /* Validation.swift */; };
		724EB54E1B483B9C00729F8F /* Host.swift in Sources */ = {isa = PBXBuildFile; fileRef = 724EB54D1B483B9C00729F8F /* Host.swift */; };
		724EE8A51B58AF5F001F8670 /* WeiboPostViewController.swift in Sources */ = {isa = PBXBuildFile; fileRef = 724EE8A41B58AF5F001F8670 /* WeiboPostViewController.swift */; };
		724EE8AB1B58BD3D001F8670 /* LimCameraImagePickerViewController.swift in Sources */ = {isa = PBXBuildFile; fileRef = 724EE8A71B58BD3D001F8670 /* LimCameraImagePickerViewController.swift */; };
		724EE8AC1B58BD3D001F8670 /* LimCollectionViewCell.swift in Sources */ = {isa = PBXBuildFile; fileRef = 724EE8A81B58BD3D001F8670 /* LimCollectionViewCell.swift */; };
		724EE8AD1B58BD3D001F8670 /* LimCollectionViewCell.xib in Resources */ = {isa = PBXBuildFile; fileRef = 724EE8A91B58BD3D001F8670 /* LimCollectionViewCell.xib */; };
		724EE8AE1B58BD3D001F8670 /* PickerView.xib in Resources */ = {isa = PBXBuildFile; fileRef = 724EE8AA1B58BD3D001F8670 /* PickerView.xib */; };
		724EE8B01B58D0DF001F8670 /* AlbumAddCell.swift in Sources */ = {isa = PBXBuildFile; fileRef = 724EE8AF1B58D0DF001F8670 /* AlbumAddCell.swift */; };
		724EE8B21B595349001F8670 /* TestCollectionViewCell.swift in Sources */ = {isa = PBXBuildFile; fileRef = 724EE8B11B595349001F8670 /* TestCollectionViewCell.swift */; };
		724EE8B41B595C6C001F8670 /* ImagePicker.swift in Sources */ = {isa = PBXBuildFile; fileRef = 724EE8B31B595C6C001F8670 /* ImagePicker.swift */; };
		724EE8B61B5BE1E2001F8670 /* RecommendItem.swift in Sources */ = {isa = PBXBuildFile; fileRef = 724EE8B51B5BE1E2001F8670 /* RecommendItem.swift */; };
		724EE8BE1B5C06D5001F8670 /* yh.OTF in Resources */ = {isa = PBXBuildFile; fileRef = 724EE8BD1B5C06D5001F8670 /* yh.OTF */; };
		725AC7661B4F9C0D0049BB4F /* TabViewController.swift in Sources */ = {isa = PBXBuildFile; fileRef = 725AC7651B4F9C0D0049BB4F /* TabViewController.swift */; };
		728BD3A11B563F5300B3D3B0 /* Album.swift in Sources */ = {isa = PBXBuildFile; fileRef = 728BD3A01B563F5300B3D3B0 /* Album.swift */; };
		728BD3A31B563F8400B3D3B0 /* Pic.swift in Sources */ = {isa = PBXBuildFile; fileRef = 728BD3A21B563F8400B3D3B0 /* Pic.swift */; };
		728BD3A51B56458000B3D3B0 /* AlbumPicCell.swift in Sources */ = {isa = PBXBuildFile; fileRef = 728BD3A41B56458000B3D3B0 /* AlbumPicCell.swift */; };
		729E182C1B5DF730000B14EE /* FeedStreamViewController.swift in Sources */ = {isa = PBXBuildFile; fileRef = 729E182A1B5DF730000B14EE /* FeedStreamViewController.swift */; };
		729E18361B5DF828000B14EE /* FeedPicViewCell.swift in Sources */ = {isa = PBXBuildFile; fileRef = 729E18341B5DF828000B14EE /* FeedPicViewCell.swift */; };
		729E18371B5DF828000B14EE /* FeedPicViewCell.xib in Resources */ = {isa = PBXBuildFile; fileRef = 729E18351B5DF828000B14EE /* FeedPicViewCell.xib */; };
		729E183C1B5E0ADF000B14EE /* FeedToolBarView.xib in Resources */ = {isa = PBXBuildFile; fileRef = 729E183A1B5E0ADF000B14EE /* FeedToolBarView.xib */; };
		729E183E1B5E1B77000B14EE /* FeedToolBarView.swift in Sources */ = {isa = PBXBuildFile; fileRef = 729E183D1B5E1B77000B14EE /* FeedToolBarView.swift */; };
		729E18401B5E3562000B14EE /* FeedHeaderView.xib in Resources */ = {isa = PBXBuildFile; fileRef = 729E183F1B5E3562000B14EE /* FeedHeaderView.xib */; };
		729E18421B5E3853000B14EE /* FeedHeaderView.swift in Sources */ = {isa = PBXBuildFile; fileRef = 729E18411B5E3853000B14EE /* FeedHeaderView.swift */; };
		72CA00021B60FEDC0093DC30 /* FeedArticleViewCell.swift in Sources */ = {isa = PBXBuildFile; fileRef = 72CA00001B60FEDC0093DC30 /* FeedArticleViewCell.swift */; };
		72CA00031B60FEDC0093DC30 /* FeedArticleViewCell.xib in Resources */ = {isa = PBXBuildFile; fileRef = 72CA00011B60FEDC0093DC30 /* FeedArticleViewCell.xib */; };
		72CA00051B613D440093DC30 /* FeedHeaderProtocol.swift in Sources */ = {isa = PBXBuildFile; fileRef = 72CA00041B613D440093DC30 /* FeedHeaderProtocol.swift */; };
		72CA00071B6141970093DC30 /* StringResource.swift in Sources */ = {isa = PBXBuildFile; fileRef = 72CA00061B6141970093DC30 /* StringResource.swift */; };
		72CA00091B621B7F0093DC30 /* ScrollUpdateProtocol.swift in Sources */ = {isa = PBXBuildFile; fileRef = 72CA00081B621B7F0093DC30 /* ScrollUpdateProtocol.swift */; };
		72CAFFE81B5F49160093DC30 /* FeedMultPicViewCell.swift in Sources */ = {isa = PBXBuildFile; fileRef = 72CAFFE61B5F49160093DC30 /* FeedMultPicViewCell.swift */; };
		72CAFFE91B5F49160093DC30 /* FeedMultPicViewCell.xib in Resources */ = {isa = PBXBuildFile; fileRef = 72CAFFE71B5F49160093DC30 /* FeedMultPicViewCell.xib */; };
		72CAFFEB1B5F7D950093DC30 /* FeedFwdHeaderView.xib in Resources */ = {isa = PBXBuildFile; fileRef = 72CAFFEA1B5F7D950093DC30 /* FeedFwdHeaderView.xib */; };
		72CAFFED1B5F82090093DC30 /* FeedFwdHeaderView.swift in Sources */ = {isa = PBXBuildFile; fileRef = 72CAFFEC1B5F82090093DC30 /* FeedFwdHeaderView.swift */; };
/* End PBXBuildFile section */

/* Begin PBXContainerItemProxy section */
		724EB5071B47BECC00729F8F /* PBXContainerItemProxy */ = {
			isa = PBXContainerItemProxy;
			containerPortal = 724EB4E71B47BECC00729F8F /* Project object */;
			proxyType = 1;
			remoteGlobalIDString = 724EB4EE1B47BECC00729F8F;
			remoteInfo = o2gym;
		};
/* End PBXContainerItemProxy section */

/* Begin PBXFileReference section */
		72148C3C1B57852A00A063FF /* GTM_Base64.h */ = {isa = PBXFileReference; fileEncoding = 4; lastKnownFileType = sourcecode.c.h; path = GTM_Base64.h; sourceTree = "<group>"; };
		72148C3D1B57852A00A063FF /* GTM_Base64.m */ = {isa = PBXFileReference; fileEncoding = 4; lastKnownFileType = sourcecode.c.objc; path = GTM_Base64.m; sourceTree = "<group>"; };
		72148C3E1B57852A00A063FF /* QNAsyncRun.h */ = {isa = PBXFileReference; fileEncoding = 4; lastKnownFileType = sourcecode.c.h; path = QNAsyncRun.h; sourceTree = "<group>"; };
		72148C3F1B57852A00A063FF /* QNAsyncRun.m */ = {isa = PBXFileReference; fileEncoding = 4; lastKnownFileType = sourcecode.c.objc; path = QNAsyncRun.m; sourceTree = "<group>"; };
		72148C401B57852A00A063FF /* QNCrc32.h */ = {isa = PBXFileReference; fileEncoding = 4; lastKnownFileType = sourcecode.c.h; path = QNCrc32.h; sourceTree = "<group>"; };
		72148C411B57852A00A063FF /* QNCrc32.m */ = {isa = PBXFileReference; fileEncoding = 4; lastKnownFileType = sourcecode.c.objc; path = QNCrc32.m; sourceTree = "<group>"; };
		72148C421B57852A00A063FF /* QNEtag.h */ = {isa = PBXFileReference; fileEncoding = 4; lastKnownFileType = sourcecode.c.h; path = QNEtag.h; sourceTree = "<group>"; };
		72148C431B57852A00A063FF /* QNEtag.m */ = {isa = PBXFileReference; fileEncoding = 4; lastKnownFileType = sourcecode.c.objc; path = QNEtag.m; sourceTree = "<group>"; };
		72148C441B57852A00A063FF /* QNUrlSafeBase64.h */ = {isa = PBXFileReference; fileEncoding = 4; lastKnownFileType = sourcecode.c.h; path = QNUrlSafeBase64.h; sourceTree = "<group>"; };
		72148C451B57852A00A063FF /* QNUrlSafeBase64.m */ = {isa = PBXFileReference; fileEncoding = 4; lastKnownFileType = sourcecode.c.objc; path = QNUrlSafeBase64.m; sourceTree = "<group>"; };
		72148C461B57852A00A063FF /* QNVersion.h */ = {isa = PBXFileReference; fileEncoding = 4; lastKnownFileType = sourcecode.c.h; path = QNVersion.h; sourceTree = "<group>"; };
		72148C481B57852A00A063FF /* QNDns.h */ = {isa = PBXFileReference; fileEncoding = 4; lastKnownFileType = sourcecode.c.h; path = QNDns.h; sourceTree = "<group>"; };
		72148C491B57852A00A063FF /* QNDns.m */ = {isa = PBXFileReference; fileEncoding = 4; lastKnownFileType = sourcecode.c.objc; path = QNDns.m; sourceTree = "<group>"; };
		72148C4A1B57852A00A063FF /* QNhttpDelegate.h */ = {isa = PBXFileReference; fileEncoding = 4; lastKnownFileType = sourcecode.c.h; path = QNhttpDelegate.h; sourceTree = "<group>"; };
		72148C4B1B57852A00A063FF /* QNHttpManager.h */ = {isa = PBXFileReference; fileEncoding = 4; lastKnownFileType = sourcecode.c.h; path = QNHttpManager.h; sourceTree = "<group>"; };
		72148C4C1B57852A00A063FF /* QNHttpManager.m */ = {isa = PBXFileReference; fileEncoding = 4; lastKnownFileType = sourcecode.c.objc; path = QNHttpManager.m; sourceTree = "<group>"; };
		72148C4D1B57852A00A063FF /* QNResponseInfo.h */ = {isa = PBXFileReference; fileEncoding = 4; lastKnownFileType = sourcecode.c.h; path = QNResponseInfo.h; sourceTree = "<group>"; };
		72148C4E1B57852A00A063FF /* QNResponseInfo.m */ = {isa = PBXFileReference; fileEncoding = 4; lastKnownFileType = sourcecode.c.objc; path = QNResponseInfo.m; sourceTree = "<group>"; };
		72148C4F1B57852A00A063FF /* QNSessionManager.h */ = {isa = PBXFileReference; fileEncoding = 4; lastKnownFileType = sourcecode.c.h; path = QNSessionManager.h; sourceTree = "<group>"; };
		72148C501B57852A00A063FF /* QNSessionManager.m */ = {isa = PBXFileReference; fileEncoding = 4; lastKnownFileType = sourcecode.c.objc; path = QNSessionManager.m; sourceTree = "<group>"; };
		72148C511B57852A00A063FF /* QNUserAgent.h */ = {isa = PBXFileReference; fileEncoding = 4; lastKnownFileType = sourcecode.c.h; path = QNUserAgent.h; sourceTree = "<group>"; };
		72148C521B57852A00A063FF /* QNUserAgent.m */ = {isa = PBXFileReference; fileEncoding = 4; lastKnownFileType = sourcecode.c.objc; path = QNUserAgent.m; sourceTree = "<group>"; };
		72148C531B57852A00A063FF /* QiniuSDK.h */ = {isa = PBXFileReference; fileEncoding = 4; lastKnownFileType = sourcecode.c.h; path = QiniuSDK.h; sourceTree = "<group>"; };
		72148C551B57852A00A063FF /* QNFileRecorder.h */ = {isa = PBXFileReference; fileEncoding = 4; lastKnownFileType = sourcecode.c.h; path = QNFileRecorder.h; sourceTree = "<group>"; };
		72148C561B57852A00A063FF /* QNFileRecorder.m */ = {isa = PBXFileReference; fileEncoding = 4; lastKnownFileType = sourcecode.c.objc; path = QNFileRecorder.m; sourceTree = "<group>"; };
		72148C571B57852A00A063FF /* QNRecorderDelegate.h */ = {isa = PBXFileReference; fileEncoding = 4; lastKnownFileType = sourcecode.c.h; path = QNRecorderDelegate.h; sourceTree = "<group>"; };
		72148C591B57852A00A063FF /* QNConfiguration.h */ = {isa = PBXFileReference; fileEncoding = 4; lastKnownFileType = sourcecode.c.h; path = QNConfiguration.h; sourceTree = "<group>"; };
		72148C5A1B57852A00A063FF /* QNConfiguration.m */ = {isa = PBXFileReference; fileEncoding = 4; lastKnownFileType = sourcecode.c.objc; path = QNConfiguration.m; sourceTree = "<group>"; };
		72148C5B1B57852A00A063FF /* QNFormUpload.h */ = {isa = PBXFileReference; fileEncoding = 4; lastKnownFileType = sourcecode.c.h; path = QNFormUpload.h; sourceTree = "<group>"; };
		72148C5C1B57852A00A063FF /* QNFormUpload.m */ = {isa = PBXFileReference; fileEncoding = 4; lastKnownFileType = sourcecode.c.objc; path = QNFormUpload.m; sourceTree = "<group>"; };
		72148C5D1B57852A00A063FF /* QNResumeUpload.h */ = {isa = PBXFileReference; fileEncoding = 4; lastKnownFileType = sourcecode.c.h; path = QNResumeUpload.h; sourceTree = "<group>"; };
		72148C5E1B57852A00A063FF /* QNResumeUpload.m */ = {isa = PBXFileReference; fileEncoding = 4; lastKnownFileType = sourcecode.c.objc; path = QNResumeUpload.m; sourceTree = "<group>"; };
		72148C5F1B57852A00A063FF /* QNUploadManager.h */ = {isa = PBXFileReference; fileEncoding = 4; lastKnownFileType = sourcecode.c.h; path = QNUploadManager.h; sourceTree = "<group>"; };
		72148C601B57852A00A063FF /* QNUploadManager.m */ = {isa = PBXFileReference; fileEncoding = 4; lastKnownFileType = sourcecode.c.objc; path = QNUploadManager.m; sourceTree = "<group>"; };
		72148C611B57852A00A063FF /* QNUploadOption+Private.h */ = {isa = PBXFileReference; fileEncoding = 4; lastKnownFileType = sourcecode.c.h; path = "QNUploadOption+Private.h"; sourceTree = "<group>"; };
		72148C621B57852A00A063FF /* QNUploadOption.h */ = {isa = PBXFileReference; fileEncoding = 4; lastKnownFileType = sourcecode.c.h; path = QNUploadOption.h; sourceTree = "<group>"; };
		72148C631B57852A00A063FF /* QNUploadOption.m */ = {isa = PBXFileReference; fileEncoding = 4; lastKnownFileType = sourcecode.c.objc; path = QNUploadOption.m; sourceTree = "<group>"; };
		72148C641B57852A00A063FF /* QNUpToken.h */ = {isa = PBXFileReference; fileEncoding = 4; lastKnownFileType = sourcecode.c.h; path = QNUpToken.h; sourceTree = "<group>"; };
		72148C651B57852A00A063FF /* QNUpToken.m */ = {isa = PBXFileReference; fileEncoding = 4; lastKnownFileType = sourcecode.c.objc; path = QNUpToken.m; sourceTree = "<group>"; };
		72148C941B5786D400A063FF /* libz.dylib */ = {isa = PBXFileReference; lastKnownFileType = "compiled.mach-o.dylib"; name = libz.dylib; path = usr/lib/libz.dylib; sourceTree = SDKROOT; };
		72148EDA1B578CC300A063FF /* AFHTTPRequestOperation.h */ = {isa = PBXFileReference; fileEncoding = 4; lastKnownFileType = sourcecode.c.h; path = AFHTTPRequestOperation.h; sourceTree = "<group>"; };
		72148EDB1B578CC300A063FF /* AFHTTPRequestOperation.m */ = {isa = PBXFileReference; fileEncoding = 4; lastKnownFileType = sourcecode.c.objc; path = AFHTTPRequestOperation.m; sourceTree = "<group>"; };
		72148EDC1B578CC300A063FF /* AFHTTPRequestOperationManager.h */ = {isa = PBXFileReference; fileEncoding = 4; lastKnownFileType = sourcecode.c.h; path = AFHTTPRequestOperationManager.h; sourceTree = "<group>"; };
		72148EDD1B578CC300A063FF /* AFHTTPRequestOperationManager.m */ = {isa = PBXFileReference; fileEncoding = 4; lastKnownFileType = sourcecode.c.objc; path = AFHTTPRequestOperationManager.m; sourceTree = "<group>"; };
		72148EDE1B578CC300A063FF /* AFHTTPSessionManager.h */ = {isa = PBXFileReference; fileEncoding = 4; lastKnownFileType = sourcecode.c.h; path = AFHTTPSessionManager.h; sourceTree = "<group>"; };
		72148EDF1B578CC300A063FF /* AFHTTPSessionManager.m */ = {isa = PBXFileReference; fileEncoding = 4; lastKnownFileType = sourcecode.c.objc; path = AFHTTPSessionManager.m; sourceTree = "<group>"; };
		72148EE01B578CC300A063FF /* AFNetworking.h */ = {isa = PBXFileReference; fileEncoding = 4; lastKnownFileType = sourcecode.c.h; path = AFNetworking.h; sourceTree = "<group>"; };
		72148EE11B578CC300A063FF /* AFNetworkReachabilityManager.h */ = {isa = PBXFileReference; fileEncoding = 4; lastKnownFileType = sourcecode.c.h; path = AFNetworkReachabilityManager.h; sourceTree = "<group>"; };
		72148EE21B578CC300A063FF /* AFNetworkReachabilityManager.m */ = {isa = PBXFileReference; fileEncoding = 4; lastKnownFileType = sourcecode.c.objc; path = AFNetworkReachabilityManager.m; sourceTree = "<group>"; };
		72148EE31B578CC300A063FF /* AFSecurityPolicy.h */ = {isa = PBXFileReference; fileEncoding = 4; lastKnownFileType = sourcecode.c.h; path = AFSecurityPolicy.h; sourceTree = "<group>"; };
		72148EE41B578CC300A063FF /* AFSecurityPolicy.m */ = {isa = PBXFileReference; fileEncoding = 4; lastKnownFileType = sourcecode.c.objc; path = AFSecurityPolicy.m; sourceTree = "<group>"; };
		72148EE51B578CC300A063FF /* AFURLConnectionOperation.h */ = {isa = PBXFileReference; fileEncoding = 4; lastKnownFileType = sourcecode.c.h; path = AFURLConnectionOperation.h; sourceTree = "<group>"; };
		72148EE61B578CC300A063FF /* AFURLConnectionOperation.m */ = {isa = PBXFileReference; fileEncoding = 4; lastKnownFileType = sourcecode.c.objc; path = AFURLConnectionOperation.m; sourceTree = "<group>"; };
		72148EE71B578CC300A063FF /* AFURLRequestSerialization.h */ = {isa = PBXFileReference; fileEncoding = 4; lastKnownFileType = sourcecode.c.h; path = AFURLRequestSerialization.h; sourceTree = "<group>"; };
		72148EE81B578CC300A063FF /* AFURLRequestSerialization.m */ = {isa = PBXFileReference; fileEncoding = 4; lastKnownFileType = sourcecode.c.objc; path = AFURLRequestSerialization.m; sourceTree = "<group>"; };
		72148EE91B578CC300A063FF /* AFURLResponseSerialization.h */ = {isa = PBXFileReference; fileEncoding = 4; lastKnownFileType = sourcecode.c.h; path = AFURLResponseSerialization.h; sourceTree = "<group>"; };
		72148EEA1B578CC300A063FF /* AFURLResponseSerialization.m */ = {isa = PBXFileReference; fileEncoding = 4; lastKnownFileType = sourcecode.c.objc; path = AFURLResponseSerialization.m; sourceTree = "<group>"; };
		72148EEB1B578CC300A063FF /* AFURLSessionManager.h */ = {isa = PBXFileReference; fileEncoding = 4; lastKnownFileType = sourcecode.c.h; path = AFURLSessionManager.h; sourceTree = "<group>"; };
		72148EEC1B578CC300A063FF /* AFURLSessionManager.m */ = {isa = PBXFileReference; fileEncoding = 4; lastKnownFileType = sourcecode.c.objc; path = AFURLSessionManager.m; sourceTree = "<group>"; };
		723E59871B5CB775005EC263 /* BaseViewCell.swift */ = {isa = PBXFileReference; fileEncoding = 4; lastKnownFileType = sourcecode.swift; path = BaseViewCell.swift; sourceTree = "<group>"; };
		723E59891B5CDA10005EC263 /* RecommendCourseCell.swift */ = {isa = PBXFileReference; fileEncoding = 4; lastKnownFileType = sourcecode.swift; path = RecommendCourseCell.swift; sourceTree = "<group>"; };
		723E598A1B5CDA10005EC263 /* RecommendCourseCell.xib */ = {isa = PBXFileReference; fileEncoding = 4; lastKnownFileType = file.xib; path = RecommendCourseCell.xib; sourceTree = "<group>"; };
		723E598E1B5D12AC005EC263 /* MGSwipeTabBarController.h */ = {isa = PBXFileReference; fileEncoding = 4; lastKnownFileType = sourcecode.c.h; path = MGSwipeTabBarController.h; sourceTree = "<group>"; };
		723E598F1B5D12AC005EC263 /* MGSwipeTabBarController.m */ = {isa = PBXFileReference; fileEncoding = 4; lastKnownFileType = sourcecode.c.objc; path = MGSwipeTabBarController.m; sourceTree = "<group>"; };
		723E59901B5D12AC005EC263 /* UIViewController+MGSwipeTabBarController.h */ = {isa = PBXFileReference; fileEncoding = 4; lastKnownFileType = sourcecode.c.h; path = "UIViewController+MGSwipeTabBarController.h"; sourceTree = "<group>"; };
		723E59911B5D12AC005EC263 /* UIViewController+MGSwipeTabBarController.m */ = {isa = PBXFileReference; fileEncoding = 4; lastKnownFileType = sourcecode.c.objc; path = "UIViewController+MGSwipeTabBarController.m"; sourceTree = "<group>"; };
		723E59941B5D1381005EC263 /* CircleViewController.swift */ = {isa = PBXFileReference; fileEncoding = 4; lastKnownFileType = sourcecode.swift; path = CircleViewController.swift; sourceTree = "<group>"; };
		723E59971B5D15A7005EC263 /* HMSegmentedControl.h */ = {isa = PBXFileReference; fileEncoding = 4; lastKnownFileType = sourcecode.c.h; path = HMSegmentedControl.h; sourceTree = "<group>"; };
		723E59981B5D15A7005EC263 /* HMSegmentedControl.m */ = {isa = PBXFileReference; fileEncoding = 4; lastKnownFileType = sourcecode.c.objc; path = HMSegmentedControl.m; sourceTree = "<group>"; };
		723E599A1B5D2E99005EC263 /* Settings.swift */ = {isa = PBXFileReference; fileEncoding = 4; lastKnownFileType = sourcecode.swift; path = Settings.swift; sourceTree = "<group>"; };
		723E82801B492C6500861D6D /* SwiftyJSON.swift */ = {isa = PBXFileReference; fileEncoding = 4; lastKnownFileType = sourcecode.swift; path = SwiftyJSON.swift; sourceTree = "<group>"; };
		723E82851B49753500861D6D /* User.swift */ = {isa = PBXFileReference; fileEncoding = 4; lastKnownFileType = sourcecode.swift; path = User.swift; sourceTree = "<group>"; };
		723E82861B49753500861D6D /* Weibo.swift */ = {isa = PBXFileReference; fileEncoding = 4; lastKnownFileType = sourcecode.swift; path = Weibo.swift; sourceTree = "<group>"; };
		723E828C1B49756B00861D6D /* Article.swift */ = {isa = PBXFileReference; fileEncoding = 4; lastKnownFileType = sourcecode.swift; path = Article.swift; sourceTree = "<group>"; };
		723E828D1B49756B00861D6D /* Course.swift */ = {isa = PBXFileReference; fileEncoding = 4; lastKnownFileType = sourcecode.swift; path = Course.swift; sourceTree = "<group>"; };
		723E828E1B49756B00861D6D /* Gym.swift */ = {isa = PBXFileReference; fileEncoding = 4; lastKnownFileType = sourcecode.swift; path = Gym.swift; sourceTree = "<group>"; };
		723E82921B4980AF00861D6D /* ext.swift */ = {isa = PBXFileReference; fileEncoding = 4; lastKnownFileType = sourcecode.swift; path = ext.swift; sourceTree = "<group>"; };
		723E82941B4A399A00861D6D /* BaseDataItem.swift */ = {isa = PBXFileReference; fileEncoding = 4; lastKnownFileType = sourcecode.swift; path = BaseDataItem.swift; sourceTree = "<group>"; };
		723E82971B4A951900861D6D /* Feed.swift */ = {isa = PBXFileReference; fileEncoding = 4; lastKnownFileType = sourcecode.swift; path = Feed.swift; sourceTree = "<group>"; };
		723E82991B4A952400861D6D /* RecommendList.swift */ = {isa = PBXFileReference; fileEncoding = 4; lastKnownFileType = sourcecode.swift; path = RecommendList.swift; sourceTree = "<group>"; };
		723E829B1B4A9A7300861D6D /* BaseDataList.swift */ = {isa = PBXFileReference; fileEncoding = 4; lastKnownFileType = sourcecode.swift; path = BaseDataList.swift; sourceTree = "<group>"; };
		723E829D1B4AC3D600861D6D /* Local.swift */ = {isa = PBXFileReference; fileEncoding = 4; lastKnownFileType = sourcecode.swift; path = Local.swift; sourceTree = "<group>"; };
		723E829F1B4ACDEA00861D6D /* FirstViewController.swift */ = {isa = PBXFileReference; fileEncoding = 4; lastKnownFileType = sourcecode.swift; path = FirstViewController.swift; sourceTree = "<group>"; };
		723E82A11B4C1ED100861D6D /* FeedViewController.swift */ = {isa = PBXFileReference; fileEncoding = 4; lastKnownFileType = sourcecode.swift; path = FeedViewController.swift; sourceTree = "<group>"; };
		723E82A41B4CF1BB00861D6D /* WeiboViewController.swift */ = {isa = PBXFileReference; fileEncoding = 4; lastKnownFileType = sourcecode.swift; path = WeiboViewController.swift; sourceTree = "<group>"; };
		723E82AC1B4D0E6100861D6D /* CommentViewController.swift */ = {isa = PBXFileReference; fileEncoding = 4; lastKnownFileType = sourcecode.swift; path = CommentViewController.swift; sourceTree = "<group>"; };
		723E82DD1B4EC77200861D6D /* Comments.swift */ = {isa = PBXFileReference; fileEncoding = 4; lastKnownFileType = sourcecode.swift; path = Comments.swift; sourceTree = "<group>"; };
		72420B9D1B66100200462032 /* FeedCoachViewCell.swift */ = {isa = PBXFileReference; fileEncoding = 4; lastKnownFileType = sourcecode.swift; path = FeedCoachViewCell.swift; sourceTree = "<group>"; };
		72420B9E1B66100200462032 /* FeedCoachViewCell.xib */ = {isa = PBXFileReference; fileEncoding = 4; lastKnownFileType = file.xib; path = FeedCoachViewCell.xib; sourceTree = "<group>"; };
		72420BA11B66533F00462032 /* Timeline.swift */ = {isa = PBXFileReference; fileEncoding = 4; lastKnownFileType = sourcecode.swift; path = Timeline.swift; sourceTree = "<group>"; };
		72420BA41B6750A600462032 /* ARSegmentControllerDelegate.h */ = {isa = PBXFileReference; fileEncoding = 4; lastKnownFileType = sourcecode.c.h; path = ARSegmentControllerDelegate.h; sourceTree = "<group>"; };
		72420BA51B6750A600462032 /* ARSegmentPageController.h */ = {isa = PBXFileReference; fileEncoding = 4; lastKnownFileType = sourcecode.c.h; path = ARSegmentPageController.h; sourceTree = "<group>"; };
		72420BA61B6750A600462032 /* ARSegmentPageController.m */ = {isa = PBXFileReference; fileEncoding = 4; lastKnownFileType = sourcecode.c.objc; path = ARSegmentPageController.m; sourceTree = "<group>"; };
		72420BA71B6750A600462032 /* ARSegmentPageControllerHeaderProtocol.h */ = {isa = PBXFileReference; fileEncoding = 4; lastKnownFileType = sourcecode.c.h; path = ARSegmentPageControllerHeaderProtocol.h; sourceTree = "<group>"; };
		72420BA81B6750A600462032 /* ARSegmentPageHeader.h */ = {isa = PBXFileReference; fileEncoding = 4; lastKnownFileType = sourcecode.c.h; path = ARSegmentPageHeader.h; sourceTree = "<group>"; };
		72420BA91B6750A600462032 /* ARSegmentPageHeader.m */ = {isa = PBXFileReference; fileEncoding = 4; lastKnownFileType = sourcecode.c.objc; path = ARSegmentPageHeader.m; sourceTree = "<group>"; };
		72420BAA1B6750A600462032 /* ARSegmentView.h */ = {isa = PBXFileReference; fileEncoding = 4; lastKnownFileType = sourcecode.c.h; path = ARSegmentView.h; sourceTree = "<group>"; };
		72420BAB1B6750A600462032 /* ARSegmentView.m */ = {isa = PBXFileReference; fileEncoding = 4; lastKnownFileType = sourcecode.c.objc; path = ARSegmentView.m; sourceTree = "<group>"; };
		72420BAF1B67539B00462032 /* UserDetailViewController.swift */ = {isa = PBXFileReference; fileEncoding = 4; lastKnownFileType = sourcecode.swift; path = UserDetailViewController.swift; sourceTree = "<group>"; };
		72420BB11B6760A700462032 /* UIImage+ImageEffects.h */ = {isa = PBXFileReference; fileEncoding = 4; lastKnownFileType = sourcecode.c.h; path = "UIImage+ImageEffects.h"; sourceTree = "<group>"; };
		72420BB21B6760A700462032 /* UIImage+ImageEffects.m */ = {isa = PBXFileReference; fileEncoding = 4; lastKnownFileType = sourcecode.c.objc; path = "UIImage+ImageEffects.m"; sourceTree = "<group>"; };
		72420BB41B676FE000462032 /* listdownload.jpg */ = {isa = PBXFileReference; lastKnownFileType = image.jpeg; path = listdownload.jpg; sourceTree = "<group>"; };
		72420BB71B67DD3C00462032 /* MyPostViewController.xib */ = {isa = PBXFileReference; fileEncoding = 4; lastKnownFileType = file.xib; path = MyPostViewController.xib; sourceTree = "<group>"; };
		72420BBB1B67E63400462032 /* AlbumViewController.xib */ = {isa = PBXFileReference; fileEncoding = 4; lastKnownFileType = file.xib; path = AlbumViewController.xib; sourceTree = "<group>"; };
		72420BBE1B67E89F00462032 /* AlbumCell.swift */ = {isa = PBXFileReference; fileEncoding = 4; lastKnownFileType = sourcecode.swift; path = AlbumCell.swift; sourceTree = "<group>"; };
		72420BBF1B67E89F00462032 /* AlbumCell.xib */ = {isa = PBXFileReference; fileEncoding = 4; lastKnownFileType = file.xib; path = AlbumCell.xib; sourceTree = "<group>"; };
		724652941B5230EE004E69C1 /* RecommendArticleCell.swift */ = {isa = PBXFileReference; fileEncoding = 4; lastKnownFileType = sourcecode.swift; path = RecommendArticleCell.swift; sourceTree = "<group>"; };
		724652951B5230EE004E69C1 /* RecommendArticleCell.xib */ = {isa = PBXFileReference; fileEncoding = 4; lastKnownFileType = file.xib; path = RecommendArticleCell.xib; sourceTree = "<group>"; };
		724652981B5232D5004E69C1 /* RecommendListViewController.swift */ = {isa = PBXFileReference; fileEncoding = 4; lastKnownFileType = sourcecode.swift; path = RecommendListViewController.swift; sourceTree = "<group>"; };
		7246529A1B52580A004E69C1 /* RecommendGymCell.swift */ = {isa = PBXFileReference; fileEncoding = 4; lastKnownFileType = sourcecode.swift; path = RecommendGymCell.swift; sourceTree = "<group>"; };
		7246529B1B52580A004E69C1 /* RecommendGymCell.xib */ = {isa = PBXFileReference; fileEncoding = 4; lastKnownFileType = file.xib; path = RecommendGymCell.xib; sourceTree = "<group>"; };
		7246529E1B525821004E69C1 /* RecommendCoachCell.swift */ = {isa = PBXFileReference; fileEncoding = 4; lastKnownFileType = sourcecode.swift; path = RecommendCoachCell.swift; sourceTree = "<group>"; };
		7246529F1B525821004E69C1 /* RecommendCoachCell.xib */ = {isa = PBXFileReference; fileEncoding = 4; lastKnownFileType = file.xib; path = RecommendCoachCell.xib; sourceTree = "<group>"; };
		724652A21B525841004E69C1 /* RecommendUserCell.swift */ = {isa = PBXFileReference; fileEncoding = 4; lastKnownFileType = sourcecode.swift; path = RecommendUserCell.swift; sourceTree = "<group>"; };
		724652A31B525841004E69C1 /* RecommendUserCell.xib */ = {isa = PBXFileReference; fileEncoding = 4; lastKnownFileType = file.xib; path = RecommendUserCell.xib; sourceTree = "<group>"; };
		724652A81B52A717004E69C1 /* Diskcached.swift */ = {isa = PBXFileReference; fileEncoding = 4; lastKnownFileType = sourcecode.swift; path = Diskcached.swift; sourceTree = "<group>"; };
		724652A91B52A717004E69C1 /* ImageLoader.h */ = {isa = PBXFileReference; fileEncoding = 4; lastKnownFileType = sourcecode.c.h; path = ImageLoader.h; sourceTree = "<group>"; };
		724652AA1B52A717004E69C1 /* ImageLoader.swift */ = {isa = PBXFileReference; fileEncoding = 4; lastKnownFileType = sourcecode.swift; path = ImageLoader.swift; sourceTree = "<group>"; };
		724652AB1B52A717004E69C1 /* Info.plist */ = {isa = PBXFileReference; fileEncoding = 4; lastKnownFileType = text.plist.xml; path = Info.plist; sourceTree = "<group>"; };
		724652AC1B52A717004E69C1 /* UIImageView+ImageLoader.swift */ = {isa = PBXFileReference; fileEncoding = 4; lastKnownFileType = sourcecode.swift; path = "UIImageView+ImageLoader.swift"; sourceTree = "<group>"; };
		724652B21B538872004E69C1 /* Helper.swift */ = {isa = PBXFileReference; fileEncoding = 4; lastKnownFileType = sourcecode.swift; path = Helper.swift; sourceTree = "<group>"; };
		724652B41B53EE9D004E69C1 /* CoachDetailViewController.swift */ = {isa = PBXFileReference; fileEncoding = 4; lastKnownFileType = sourcecode.swift; path = CoachDetailViewController.swift; sourceTree = "<group>"; };
		724652B71B54ECF2004E69C1 /* AlbumViewController.swift */ = {isa = PBXFileReference; fileEncoding = 4; lastKnownFileType = sourcecode.swift; path = AlbumViewController.swift; sourceTree = "<group>"; };
		724652B91B54EEC6004E69C1 /* MyPostViewController.swift */ = {isa = PBXFileReference; fileEncoding = 4; lastKnownFileType = sourcecode.swift; path = MyPostViewController.swift; sourceTree = "<group>"; };
		724652BB1B54EF4E004E69C1 /* MyPost.swift */ = {isa = PBXFileReference; fileEncoding = 4; lastKnownFileType = sourcecode.swift; path = MyPost.swift; sourceTree = "<group>"; };
		724652BD1B555C65004E69C1 /* TestViewController.swift */ = {isa = PBXFileReference; fileEncoding = 4; lastKnownFileType = sourcecode.swift; path = TestViewController.swift; sourceTree = "<group>"; };
		7247EB991B6881A700A22F0C /* O2Nav.swift */ = {isa = PBXFileReference; fileEncoding = 4; lastKnownFileType = sourcecode.swift; path = O2Nav.swift; sourceTree = "<group>"; };
		724EB4EF1B47BECC00729F8F /* o2gym.app */ = {isa = PBXFileReference; explicitFileType = wrapper.application; includeInIndex = 0; path = o2gym.app; sourceTree = BUILT_PRODUCTS_DIR; };
		724EB4F31B47BECC00729F8F /* Info.plist */ = {isa = PBXFileReference; lastKnownFileType = text.plist.xml; path = Info.plist; sourceTree = "<group>"; };
		724EB4F41B47BECC00729F8F /* AppDelegate.swift */ = {isa = PBXFileReference; lastKnownFileType = sourcecode.swift; path = AppDelegate.swift; sourceTree = "<group>"; };
		724EB4F81B47BECC00729F8F /* BusinessViewController.swift */ = {isa = PBXFileReference; lastKnownFileType = sourcecode.swift; path = BusinessViewController.swift; sourceTree = "<group>"; };
		724EB4FB1B47BECC00729F8F /* Base */ = {isa = PBXFileReference; lastKnownFileType = file.storyboard; name = Base; path = Base.lproj/Main.storyboard; sourceTree = "<group>"; };
		724EB4FD1B47BECC00729F8F /* Images.xcassets */ = {isa = PBXFileReference; lastKnownFileType = folder.assetcatalog; path = Images.xcassets; sourceTree = "<group>"; };
		724EB5001B47BECC00729F8F /* Base */ = {isa = PBXFileReference; lastKnownFileType = file.xib; name = Base; path = Base.lproj/LaunchScreen.xib; sourceTree = "<group>"; };
		724EB5061B47BECC00729F8F /* o2gymTests.xctest */ = {isa = PBXFileReference; explicitFileType = wrapper.cfbundle; includeInIndex = 0; path = o2gymTests.xctest; sourceTree = BUILT_PRODUCTS_DIR; };
		724EB50B1B47BECC00729F8F /* Info.plist */ = {isa = PBXFileReference; lastKnownFileType = text.plist.xml; path = Info.plist; sourceTree = "<group>"; };
		724EB50C1B47BECC00729F8F /* o2gymTests.swift */ = {isa = PBXFileReference; lastKnownFileType = sourcecode.swift; path = o2gymTests.swift; sourceTree = "<group>"; };
		724EB53A1B4836A900729F8F /* Alamofire.h */ = {isa = PBXFileReference; fileEncoding = 4; lastKnownFileType = sourcecode.c.h; path = Alamofire.h; sourceTree = "<group>"; };
		724EB53B1B4836A900729F8F /* Alamofire.swift */ = {isa = PBXFileReference; fileEncoding = 4; lastKnownFileType = sourcecode.swift; path = Alamofire.swift; sourceTree = "<group>"; };
		724EB53D1B4836F900729F8F /* Download.swift */ = {isa = PBXFileReference; fileEncoding = 4; lastKnownFileType = sourcecode.swift; path = Download.swift; sourceTree = "<group>"; };
		724EB53E1B4836F900729F8F /* Manager.swift */ = {isa = PBXFileReference; fileEncoding = 4; lastKnownFileType = sourcecode.swift; path = Manager.swift; sourceTree = "<group>"; };
		724EB53F1B4836F900729F8F /* ParameterEncoding.swift */ = {isa = PBXFileReference; fileEncoding = 4; lastKnownFileType = sourcecode.swift; path = ParameterEncoding.swift; sourceTree = "<group>"; };
		724EB5401B4836F900729F8F /* Request.swift */ = {isa = PBXFileReference; fileEncoding = 4; lastKnownFileType = sourcecode.swift; path = Request.swift; sourceTree = "<group>"; };
		724EB5411B4836F900729F8F /* ResponseSerialization.swift */ = {isa = PBXFileReference; fileEncoding = 4; lastKnownFileType = sourcecode.swift; path = ResponseSerialization.swift; sourceTree = "<group>"; };
		724EB5421B4836F900729F8F /* Upload.swift */ = {isa = PBXFileReference; fileEncoding = 4; lastKnownFileType = sourcecode.swift; path = Upload.swift; sourceTree = "<group>"; };
		724EB5431B4836F900729F8F /* Validation.swift */ = {isa = PBXFileReference; fileEncoding = 4; lastKnownFileType = sourcecode.swift; path = Validation.swift; sourceTree = "<group>"; };
		724EB54D1B483B9C00729F8F /* Host.swift */ = {isa = PBXFileReference; fileEncoding = 4; lastKnownFileType = sourcecode.swift; path = Host.swift; sourceTree = "<group>"; };
		724EE8A41B58AF5F001F8670 /* WeiboPostViewController.swift */ = {isa = PBXFileReference; fileEncoding = 4; lastKnownFileType = sourcecode.swift; path = WeiboPostViewController.swift; sourceTree = "<group>"; };
		724EE8A71B58BD3D001F8670 /* LimCameraImagePickerViewController.swift */ = {isa = PBXFileReference; fileEncoding = 4; lastKnownFileType = sourcecode.swift; path = LimCameraImagePickerViewController.swift; sourceTree = "<group>"; };
		724EE8A81B58BD3D001F8670 /* LimCollectionViewCell.swift */ = {isa = PBXFileReference; fileEncoding = 4; lastKnownFileType = sourcecode.swift; path = LimCollectionViewCell.swift; sourceTree = "<group>"; };
		724EE8A91B58BD3D001F8670 /* LimCollectionViewCell.xib */ = {isa = PBXFileReference; fileEncoding = 4; lastKnownFileType = file.xib; path = LimCollectionViewCell.xib; sourceTree = "<group>"; };
		724EE8AA1B58BD3D001F8670 /* PickerView.xib */ = {isa = PBXFileReference; fileEncoding = 4; lastKnownFileType = file.xib; path = PickerView.xib; sourceTree = "<group>"; };
		724EE8AF1B58D0DF001F8670 /* AlbumAddCell.swift */ = {isa = PBXFileReference; fileEncoding = 4; lastKnownFileType = sourcecode.swift; path = AlbumAddCell.swift; sourceTree = "<group>"; };
		724EE8B11B595349001F8670 /* TestCollectionViewCell.swift */ = {isa = PBXFileReference; fileEncoding = 4; lastKnownFileType = sourcecode.swift; path = TestCollectionViewCell.swift; sourceTree = "<group>"; };
		724EE8B31B595C6C001F8670 /* ImagePicker.swift */ = {isa = PBXFileReference; fileEncoding = 4; lastKnownFileType = sourcecode.swift; path = ImagePicker.swift; sourceTree = "<group>"; };
		724EE8B51B5BE1E2001F8670 /* RecommendItem.swift */ = {isa = PBXFileReference; fileEncoding = 4; lastKnownFileType = sourcecode.swift; path = RecommendItem.swift; sourceTree = "<group>"; };
		724EE8BD1B5C06D5001F8670 /* yh.OTF */ = {isa = PBXFileReference; lastKnownFileType = file; path = yh.OTF; sourceTree = "<group>"; };
		725AC7651B4F9C0D0049BB4F /* TabViewController.swift */ = {isa = PBXFileReference; fileEncoding = 4; lastKnownFileType = sourcecode.swift; path = TabViewController.swift; sourceTree = "<group>"; };
		728BD3A01B563F5300B3D3B0 /* Album.swift */ = {isa = PBXFileReference; fileEncoding = 4; lastKnownFileType = sourcecode.swift; path = Album.swift; sourceTree = "<group>"; };
		728BD3A21B563F8400B3D3B0 /* Pic.swift */ = {isa = PBXFileReference; fileEncoding = 4; lastKnownFileType = sourcecode.swift; path = Pic.swift; sourceTree = "<group>"; };
		728BD3A41B56458000B3D3B0 /* AlbumPicCell.swift */ = {isa = PBXFileReference; fileEncoding = 4; lastKnownFileType = sourcecode.swift; path = AlbumPicCell.swift; sourceTree = "<group>"; };
		729E182A1B5DF730000B14EE /* FeedStreamViewController.swift */ = {isa = PBXFileReference; fileEncoding = 4; lastKnownFileType = sourcecode.swift; path = FeedStreamViewController.swift; sourceTree = "<group>"; };
		729E18341B5DF828000B14EE /* FeedPicViewCell.swift */ = {isa = PBXFileReference; fileEncoding = 4; lastKnownFileType = sourcecode.swift; path = FeedPicViewCell.swift; sourceTree = "<group>"; };
		729E18351B5DF828000B14EE /* FeedPicViewCell.xib */ = {isa = PBXFileReference; fileEncoding = 4; lastKnownFileType = file.xib; path = FeedPicViewCell.xib; sourceTree = "<group>"; };
		729E183A1B5E0ADF000B14EE /* FeedToolBarView.xib */ = {isa = PBXFileReference; fileEncoding = 4; lastKnownFileType = file.xib; path = FeedToolBarView.xib; sourceTree = "<group>"; };
		729E183D1B5E1B77000B14EE /* FeedToolBarView.swift */ = {isa = PBXFileReference; fileEncoding = 4; lastKnownFileType = sourcecode.swift; path = FeedToolBarView.swift; sourceTree = "<group>"; };
		729E183F1B5E3562000B14EE /* FeedHeaderView.xib */ = {isa = PBXFileReference; fileEncoding = 4; lastKnownFileType = file.xib; path = FeedHeaderView.xib; sourceTree = "<group>"; };
		729E18411B5E3853000B14EE /* FeedHeaderView.swift */ = {isa = PBXFileReference; fileEncoding = 4; lastKnownFileType = sourcecode.swift; path = FeedHeaderView.swift; sourceTree = "<group>"; };
		72CA00001B60FEDC0093DC30 /* FeedArticleViewCell.swift */ = {isa = PBXFileReference; fileEncoding = 4; lastKnownFileType = sourcecode.swift; path = FeedArticleViewCell.swift; sourceTree = "<group>"; };
		72CA00011B60FEDC0093DC30 /* FeedArticleViewCell.xib */ = {isa = PBXFileReference; fileEncoding = 4; lastKnownFileType = file.xib; path = FeedArticleViewCell.xib; sourceTree = "<group>"; };
		72CA00041B613D440093DC30 /* FeedHeaderProtocol.swift */ = {isa = PBXFileReference; fileEncoding = 4; lastKnownFileType = sourcecode.swift; path = FeedHeaderProtocol.swift; sourceTree = "<group>"; };
		72CA00061B6141970093DC30 /* StringResource.swift */ = {isa = PBXFileReference; fileEncoding = 4; lastKnownFileType = sourcecode.swift; path = StringResource.swift; sourceTree = "<group>"; };
		72CA00081B621B7F0093DC30 /* ScrollUpdateProtocol.swift */ = {isa = PBXFileReference; fileEncoding = 4; lastKnownFileType = sourcecode.swift; path = ScrollUpdateProtocol.swift; sourceTree = "<group>"; };
		72CAFFE61B5F49160093DC30 /* FeedMultPicViewCell.swift */ = {isa = PBXFileReference; fileEncoding = 4; lastKnownFileType = sourcecode.swift; path = FeedMultPicViewCell.swift; sourceTree = "<group>"; };
		72CAFFE71B5F49160093DC30 /* FeedMultPicViewCell.xib */ = {isa = PBXFileReference; fileEncoding = 4; lastKnownFileType = file.xib; path = FeedMultPicViewCell.xib; sourceTree = "<group>"; };
		72CAFFEA1B5F7D950093DC30 /* FeedFwdHeaderView.xib */ = {isa = PBXFileReference; fileEncoding = 4; lastKnownFileType = file.xib; path = FeedFwdHeaderView.xib; sourceTree = "<group>"; };
		72CAFFEC1B5F82090093DC30 /* FeedFwdHeaderView.swift */ = {isa = PBXFileReference; fileEncoding = 4; lastKnownFileType = sourcecode.swift; path = FeedFwdHeaderView.swift; sourceTree = "<group>"; };
		72DC64DA1B58123E00869664 /* o2gym-Bridging-Header.h */ = {isa = PBXFileReference; fileEncoding = 4; lastKnownFileType = sourcecode.c.h; path = "o2gym-Bridging-Header.h"; sourceTree = "<group>"; };
/* End PBXFileReference section */

/* Begin PBXFrameworksBuildPhase section */
		724EB4EC1B47BECC00729F8F /* Frameworks */ = {
			isa = PBXFrameworksBuildPhase;
			buildActionMask = 2147483647;
			files = (
				72148C951B5786D400A063FF /* libz.dylib in Frameworks */,
			);
			runOnlyForDeploymentPostprocessing = 0;
		};
		724EB5031B47BECC00729F8F /* Frameworks */ = {
			isa = PBXFrameworksBuildPhase;
			buildActionMask = 2147483647;
			files = (
			);
			runOnlyForDeploymentPostprocessing = 0;
		};
/* End PBXFrameworksBuildPhase section */

/* Begin PBXGroup section */
		72148C3A1B57852A00A063FF /* QiniuSDK */ = {
			isa = PBXGroup;
			children = (
				72148C3B1B57852A00A063FF /* Common */,
				72148C471B57852A00A063FF /* Http */,
				72148C531B57852A00A063FF /* QiniuSDK.h */,
				72148C541B57852A00A063FF /* Recorder */,
				72148C581B57852A00A063FF /* Storage */,
			);
			path = QiniuSDK;
			sourceTree = "<group>";
		};
		72148C3B1B57852A00A063FF /* Common */ = {
			isa = PBXGroup;
			children = (
				72148C3C1B57852A00A063FF /* GTM_Base64.h */,
				72148C3D1B57852A00A063FF /* GTM_Base64.m */,
				72148C3E1B57852A00A063FF /* QNAsyncRun.h */,
				72148C3F1B57852A00A063FF /* QNAsyncRun.m */,
				72148C401B57852A00A063FF /* QNCrc32.h */,
				72148C411B57852A00A063FF /* QNCrc32.m */,
				72148C421B57852A00A063FF /* QNEtag.h */,
				72148C431B57852A00A063FF /* QNEtag.m */,
				72148C441B57852A00A063FF /* QNUrlSafeBase64.h */,
				72148C451B57852A00A063FF /* QNUrlSafeBase64.m */,
				72148C461B57852A00A063FF /* QNVersion.h */,
			);
			path = Common;
			sourceTree = "<group>";
		};
		72148C471B57852A00A063FF /* Http */ = {
			isa = PBXGroup;
			children = (
				72148C481B57852A00A063FF /* QNDns.h */,
				72148C491B57852A00A063FF /* QNDns.m */,
				72148C4A1B57852A00A063FF /* QNhttpDelegate.h */,
				72148C4B1B57852A00A063FF /* QNHttpManager.h */,
				72148C4C1B57852A00A063FF /* QNHttpManager.m */,
				72148C4D1B57852A00A063FF /* QNResponseInfo.h */,
				72148C4E1B57852A00A063FF /* QNResponseInfo.m */,
				72148C4F1B57852A00A063FF /* QNSessionManager.h */,
				72148C501B57852A00A063FF /* QNSessionManager.m */,
				72148C511B57852A00A063FF /* QNUserAgent.h */,
				72148C521B57852A00A063FF /* QNUserAgent.m */,
			);
			path = Http;
			sourceTree = "<group>";
		};
		72148C541B57852A00A063FF /* Recorder */ = {
			isa = PBXGroup;
			children = (
				72148C551B57852A00A063FF /* QNFileRecorder.h */,
				72148C561B57852A00A063FF /* QNFileRecorder.m */,
				72148C571B57852A00A063FF /* QNRecorderDelegate.h */,
			);
			path = Recorder;
			sourceTree = "<group>";
		};
		72148C581B57852A00A063FF /* Storage */ = {
			isa = PBXGroup;
			children = (
				72148C591B57852A00A063FF /* QNConfiguration.h */,
				72148C5A1B57852A00A063FF /* QNConfiguration.m */,
				72148C5B1B57852A00A063FF /* QNFormUpload.h */,
				72148C5C1B57852A00A063FF /* QNFormUpload.m */,
				72148C5D1B57852A00A063FF /* QNResumeUpload.h */,
				72148C5E1B57852A00A063FF /* QNResumeUpload.m */,
				72148C5F1B57852A00A063FF /* QNUploadManager.h */,
				72148C601B57852A00A063FF /* QNUploadManager.m */,
				72148C611B57852A00A063FF /* QNUploadOption+Private.h */,
				72148C621B57852A00A063FF /* QNUploadOption.h */,
				72148C631B57852A00A063FF /* QNUploadOption.m */,
				72148C641B57852A00A063FF /* QNUpToken.h */,
				72148C651B57852A00A063FF /* QNUpToken.m */,
			);
			path = Storage;
			sourceTree = "<group>";
		};
		72148ED91B578CC300A063FF /* AFNetworking */ = {
			isa = PBXGroup;
			children = (
				72148EDA1B578CC300A063FF /* AFHTTPRequestOperation.h */,
				72148EDB1B578CC300A063FF /* AFHTTPRequestOperation.m */,
				72148EDC1B578CC300A063FF /* AFHTTPRequestOperationManager.h */,
				72148EDD1B578CC300A063FF /* AFHTTPRequestOperationManager.m */,
				72148EDE1B578CC300A063FF /* AFHTTPSessionManager.h */,
				72148EDF1B578CC300A063FF /* AFHTTPSessionManager.m */,
				72148EE01B578CC300A063FF /* AFNetworking.h */,
				72148EE11B578CC300A063FF /* AFNetworkReachabilityManager.h */,
				72148EE21B578CC300A063FF /* AFNetworkReachabilityManager.m */,
				72148EE31B578CC300A063FF /* AFSecurityPolicy.h */,
				72148EE41B578CC300A063FF /* AFSecurityPolicy.m */,
				72148EE51B578CC300A063FF /* AFURLConnectionOperation.h */,
				72148EE61B578CC300A063FF /* AFURLConnectionOperation.m */,
				72148EE71B578CC300A063FF /* AFURLRequestSerialization.h */,
				72148EE81B578CC300A063FF /* AFURLRequestSerialization.m */,
				72148EE91B578CC300A063FF /* AFURLResponseSerialization.h */,
				72148EEA1B578CC300A063FF /* AFURLResponseSerialization.m */,
				72148EEB1B578CC300A063FF /* AFURLSessionManager.h */,
				72148EEC1B578CC300A063FF /* AFURLSessionManager.m */,
			);
			path = AFNetworking;
			sourceTree = "<group>";
		};
		723E598D1B5D12AC005EC263 /* MGSwipeTabBarController */ = {
			isa = PBXGroup;
			children = (
				723E598E1B5D12AC005EC263 /* MGSwipeTabBarController.h */,
				723E598F1B5D12AC005EC263 /* MGSwipeTabBarController.m */,
				723E59901B5D12AC005EC263 /* UIViewController+MGSwipeTabBarController.h */,
				723E59911B5D12AC005EC263 /* UIViewController+MGSwipeTabBarController.m */,
			);
			path = MGSwipeTabBarController;
			sourceTree = "<group>";
		};
		723E59961B5D15A7005EC263 /* HMSegmentedControl */ = {
			isa = PBXGroup;
			children = (
				723E59971B5D15A7005EC263 /* HMSegmentedControl.h */,
				723E59981B5D15A7005EC263 /* HMSegmentedControl.m */,
			);
			path = HMSegmentedControl;
			sourceTree = "<group>";
		};
		723E828B1B49754600861D6D /* Data */ = {
			isa = PBXGroup;
			children = (
				723E828C1B49756B00861D6D /* Article.swift */,
				723E828D1B49756B00861D6D /* Course.swift */,
				723E828E1B49756B00861D6D /* Gym.swift */,
				723E82851B49753500861D6D /* User.swift */,
				723E82861B49753500861D6D /* Weibo.swift */,
				723E82941B4A399A00861D6D /* BaseDataItem.swift */,
				728BD3A21B563F8400B3D3B0 /* Pic.swift */,
				724EE8B51B5BE1E2001F8670 /* RecommendItem.swift */,
				72420BA11B66533F00462032 /* Timeline.swift */,
			);
			name = Data;
			sourceTree = "<group>";
		};
		723E82961B4A950B00861D6D /* DataList */ = {
			isa = PBXGroup;
			children = (
				723E82971B4A951900861D6D /* Feed.swift */,
				723E82991B4A952400861D6D /* RecommendList.swift */,
				723E829B1B4A9A7300861D6D /* BaseDataList.swift */,
				723E82DD1B4EC77200861D6D /* Comments.swift */,
				724652BB1B54EF4E004E69C1 /* MyPost.swift */,
				728BD3A01B563F5300B3D3B0 /* Album.swift */,
			);
			name = DataList;
			sourceTree = "<group>";
		};
		723E82A31B4CF13D00861D6D /* UIDetail */ = {
			isa = PBXGroup;
			children = (
				723E59941B5D1381005EC263 /* CircleViewController.swift */,
				723E82A41B4CF1BB00861D6D /* WeiboViewController.swift */,
				725AC7651B4F9C0D0049BB4F /* TabViewController.swift */,
				724652B41B53EE9D004E69C1 /* CoachDetailViewController.swift */,
				724EE8A41B58AF5F001F8670 /* WeiboPostViewController.swift */,
				724EE8B31B595C6C001F8670 /* ImagePicker.swift */,
				72420BAF1B67539B00462032 /* UserDetailViewController.swift */,
			);
			name = UIDetail;
			sourceTree = "<group>";
		};
		72420BA31B6750A600462032 /* ARSegmentPageController */ = {
			isa = PBXGroup;
			children = (
				72420BB11B6760A700462032 /* UIImage+ImageEffects.h */,
				72420BB21B6760A700462032 /* UIImage+ImageEffects.m */,
				72420BA41B6750A600462032 /* ARSegmentControllerDelegate.h */,
				72420BA51B6750A600462032 /* ARSegmentPageController.h */,
				72420BA61B6750A600462032 /* ARSegmentPageController.m */,
				72420BA71B6750A600462032 /* ARSegmentPageControllerHeaderProtocol.h */,
				72420BA81B6750A600462032 /* ARSegmentPageHeader.h */,
				72420BA91B6750A600462032 /* ARSegmentPageHeader.m */,
				72420BAA1B6750A600462032 /* ARSegmentView.h */,
				72420BAB1B6750A600462032 /* ARSegmentView.m */,
			);
			path = ARSegmentPageController;
			sourceTree = "<group>";
		};
		724652A71B52A717004E69C1 /* ImageLoader */ = {
			isa = PBXGroup;
			children = (
				724652A81B52A717004E69C1 /* Diskcached.swift */,
				724652A91B52A717004E69C1 /* ImageLoader.h */,
				724652AA1B52A717004E69C1 /* ImageLoader.swift */,
				724652AB1B52A717004E69C1 /* Info.plist */,
				724652AC1B52A717004E69C1 /* UIImageView+ImageLoader.swift */,
			);
			path = ImageLoader;
			sourceTree = "<group>";
		};
		724652B11B536DB3004E69C1 /* UIUnit */ = {
			isa = PBXGroup;
			children = (
				724652941B5230EE004E69C1 /* RecommendArticleCell.swift */,
				724652951B5230EE004E69C1 /* RecommendArticleCell.xib */,
				7246529A1B52580A004E69C1 /* RecommendGymCell.swift */,
				7246529B1B52580A004E69C1 /* RecommendGymCell.xib */,
				7246529E1B525821004E69C1 /* RecommendCoachCell.swift */,
				7246529F1B525821004E69C1 /* RecommendCoachCell.xib */,
				724652A21B525841004E69C1 /* RecommendUserCell.swift */,
				724652A31B525841004E69C1 /* RecommendUserCell.xib */,
				728BD3A41B56458000B3D3B0 /* AlbumPicCell.swift */,
				724EE8AF1B58D0DF001F8670 /* AlbumAddCell.swift */,
				724EE8B11B595349001F8670 /* TestCollectionViewCell.swift */,
				723E59871B5CB775005EC263 /* BaseViewCell.swift */,
				723E59891B5CDA10005EC263 /* RecommendCourseCell.swift */,
				723E598A1B5CDA10005EC263 /* RecommendCourseCell.xib */,
				729E18341B5DF828000B14EE /* FeedPicViewCell.swift */,
				729E18351B5DF828000B14EE /* FeedPicViewCell.xib */,
				72CAFFE61B5F49160093DC30 /* FeedMultPicViewCell.swift */,
				72CAFFE71B5F49160093DC30 /* FeedMultPicViewCell.xib */,
				72CA00001B60FEDC0093DC30 /* FeedArticleViewCell.swift */,
				72CA00011B60FEDC0093DC30 /* FeedArticleViewCell.xib */,
				72420B9D1B66100200462032 /* FeedCoachViewCell.swift */,
				72420B9E1B66100200462032 /* FeedCoachViewCell.xib */,
			);
			name = UIUnit;
			sourceTree = "<group>";
		};
		724652B61B54EC95004E69C1 /* UIList */ = {
			isa = PBXGroup;
			children = (
				723E82AC1B4D0E6100861D6D /* CommentViewController.swift */,
				723E82A11B4C1ED100861D6D /* FeedViewController.swift */,
				724652B71B54ECF2004E69C1 /* AlbumViewController.swift */,
				72420BBB1B67E63400462032 /* AlbumViewController.xib */,
				724652B91B54EEC6004E69C1 /* MyPostViewController.swift */,
				72420BB71B67DD3C00462032 /* MyPostViewController.xib */,
				729E182A1B5DF730000B14EE /* FeedStreamViewController.swift */,
				724652981B5232D5004E69C1 /* RecommendListViewController.swift */,
				72CA00081B621B7F0093DC30 /* ScrollUpdateProtocol.swift */,
				72420BBE1B67E89F00462032 /* AlbumCell.swift */,
				72420BBF1B67E89F00462032 /* AlbumCell.xib */,
			);
			name = UIList;
			sourceTree = "<group>";
		};
		724EB4E61B47BECC00729F8F = {
			isa = PBXGroup;
			children = (
				72DC64DA1B58123E00869664 /* o2gym-Bridging-Header.h */,
				72148C941B5786D400A063FF /* libz.dylib */,
				724EB4F11B47BECC00729F8F /* o2gym */,
				724EB5091B47BECC00729F8F /* o2gymTests */,
				724EB4F01B47BECC00729F8F /* Products */,
			);
			sourceTree = "<group>";
		};
		724EB4F01B47BECC00729F8F /* Products */ = {
			isa = PBXGroup;
			children = (
				724EB4EF1B47BECC00729F8F /* o2gym.app */,
				724EB5061B47BECC00729F8F /* o2gymTests.xctest */,
			);
			name = Products;
			sourceTree = "<group>";
		};
		724EB4F11B47BECC00729F8F /* o2gym */ = {
			isa = PBXGroup;
			children = (
				72420BB41B676FE000462032 /* listdownload.jpg */,
				724EB4FD1B47BECC00729F8F /* Images.xcassets */,
				724EE8B71B5C014A001F8670 /* Resource */,
				724652B61B54EC95004E69C1 /* UIList */,
				729E18381B5E0AA4000B14EE /* UIComponent */,
				724652B11B536DB3004E69C1 /* UIUnit */,
				723E82A31B4CF13D00861D6D /* UIDetail */,
				723E82961B4A950B00861D6D /* DataList */,
				723E828B1B49754600861D6D /* Data */,
				724EB54C1B483B5F00729F8F /* Global */,
				724EB5391B48368700729F8F /* Utils */,
				724EB5181B47BFAA00729F8F /* Middleware */,
				724EB5171B47BF3800729F8F /* Business */,
				724EB4F41B47BECC00729F8F /* AppDelegate.swift */,
				724EB4FA1B47BECC00729F8F /* Main.storyboard */,
				724EB4FF1B47BECC00729F8F /* LaunchScreen.xib */,
				724EB4F21B47BECC00729F8F /* Supporting Files */,
				723E829F1B4ACDEA00861D6D /* FirstViewController.swift */,
				724652BD1B555C65004E69C1 /* TestViewController.swift */,
			);
			path = o2gym;
			sourceTree = "<group>";
		};
		724EB4F21B47BECC00729F8F /* Supporting Files */ = {
			isa = PBXGroup;
			children = (
				724EB4F31B47BECC00729F8F /* Info.plist */,
			);
			name = "Supporting Files";
			sourceTree = "<group>";
		};
		724EB5091B47BECC00729F8F /* o2gymTests */ = {
			isa = PBXGroup;
			children = (
				724EB50C1B47BECC00729F8F /* o2gymTests.swift */,
				724EB50A1B47BECC00729F8F /* Supporting Files */,
			);
			path = o2gymTests;
			sourceTree = "<group>";
		};
		724EB50A1B47BECC00729F8F /* Supporting Files */ = {
			isa = PBXGroup;
			children = (
				724EB50B1B47BECC00729F8F /* Info.plist */,
			);
			name = "Supporting Files";
			sourceTree = "<group>";
		};
		724EB5171B47BF3800729F8F /* Business */ = {
			isa = PBXGroup;
			children = (
				724EB4F81B47BECC00729F8F /* BusinessViewController.swift */,
			);
			name = Business;
			sourceTree = "<group>";
		};
		724EB5181B47BFAA00729F8F /* Middleware */ = {
			isa = PBXGroup;
			children = (
			);
			name = Middleware;
			sourceTree = "<group>";
		};
		724EB5391B48368700729F8F /* Utils */ = {
			isa = PBXGroup;
			children = (
				72420BA31B6750A600462032 /* ARSegmentPageController */,
				723E82921B4980AF00861D6D /* ext.swift */,
				723E59961B5D15A7005EC263 /* HMSegmentedControl */,
				723E598D1B5D12AC005EC263 /* MGSwipeTabBarController */,
				72148ED91B578CC300A063FF /* AFNetworking */,
				724EE8A61B58BD3D001F8670 /* LimWhatsAppImagePicker */,
				72148C3A1B57852A00A063FF /* QiniuSDK */,
				724652A71B52A717004E69C1 /* ImageLoader */,
				724EB54B1B48371F00729F8F /* af */,
				723E82801B492C6500861D6D /* SwiftyJSON.swift */,
				724652B21B538872004E69C1 /* Helper.swift */,
			);
			name = Utils;
			sourceTree = "<group>";
		};
		724EB54B1B48371F00729F8F /* af */ = {
			isa = PBXGroup;
			children = (
				724EB53D1B4836F900729F8F /* Download.swift */,
				724EB53E1B4836F900729F8F /* Manager.swift */,
				724EB53F1B4836F900729F8F /* ParameterEncoding.swift */,
				724EB5401B4836F900729F8F /* Request.swift */,
				724EB5411B4836F900729F8F /* ResponseSerialization.swift */,
				724EB5421B4836F900729F8F /* Upload.swift */,
				724EB5431B4836F900729F8F /* Validation.swift */,
				724EB53A1B4836A900729F8F /* Alamofire.h */,
				724EB53B1B4836A900729F8F /* Alamofire.swift */,
			);
			name = af;
			sourceTree = "<group>";
		};
		724EB54C1B483B5F00729F8F /* Global */ = {
			isa = PBXGroup;
			children = (
				723E829D1B4AC3D600861D6D /* Local.swift */,
				724EB54D1B483B9C00729F8F /* Host.swift */,
				723E599A1B5D2E99005EC263 /* Settings.swift */,
				72CA00061B6141970093DC30 /* StringResource.swift */,
			);
			name = Global;
			sourceTree = "<group>";
		};
		724EE8A61B58BD3D001F8670 /* LimWhatsAppImagePicker */ = {
			isa = PBXGroup;
			children = (
				724EE8A71B58BD3D001F8670 /* LimCameraImagePickerViewController.swift */,
				724EE8A81B58BD3D001F8670 /* LimCollectionViewCell.swift */,
				724EE8A91B58BD3D001F8670 /* LimCollectionViewCell.xib */,
				724EE8AA1B58BD3D001F8670 /* PickerView.xib */,
			);
			path = LimWhatsAppImagePicker;
			sourceTree = "<group>";
		};
		724EE8B71B5C014A001F8670 /* Resource */ = {
			isa = PBXGroup;
			children = (
				724EE8BD1B5C06D5001F8670 /* yh.OTF */,
			);
			name = Resource;
			sourceTree = "<group>";
		};
		729E18381B5E0AA4000B14EE /* UIComponent */ = {
			isa = PBXGroup;
			children = (
				729E183A1B5E0ADF000B14EE /* FeedToolBarView.xib */,
				729E183D1B5E1B77000B14EE /* FeedToolBarView.swift */,
				729E183F1B5E3562000B14EE /* FeedHeaderView.xib */,
				729E18411B5E3853000B14EE /* FeedHeaderView.swift */,
				72CAFFEA1B5F7D950093DC30 /* FeedFwdHeaderView.xib */,
				72CAFFEC1B5F82090093DC30 /* FeedFwdHeaderView.swift */,
				72CA00041B613D440093DC30 /* FeedHeaderProtocol.swift */,
				7247EB991B6881A700A22F0C /* O2Nav.swift */,
			);
			name = UIComponent;
			sourceTree = "<group>";
		};
/* End PBXGroup section */

/* Begin PBXNativeTarget section */
		724EB4EE1B47BECC00729F8F /* o2gym */ = {
			isa = PBXNativeTarget;
			buildConfigurationList = 724EB5101B47BECC00729F8F /* Build configuration list for PBXNativeTarget "o2gym" */;
			buildPhases = (
				724EB4EB1B47BECC00729F8F /* Sources */,
				724EB4EC1B47BECC00729F8F /* Frameworks */,
				724EB4ED1B47BECC00729F8F /* Resources */,
			);
			buildRules = (
			);
			dependencies = (
			);
			name = o2gym;
			productName = o2gym;
			productReference = 724EB4EF1B47BECC00729F8F /* o2gym.app */;
			productType = "com.apple.product-type.application";
		};
		724EB5051B47BECC00729F8F /* o2gymTests */ = {
			isa = PBXNativeTarget;
			buildConfigurationList = 724EB5131B47BECC00729F8F /* Build configuration list for PBXNativeTarget "o2gymTests" */;
			buildPhases = (
				724EB5021B47BECC00729F8F /* Sources */,
				724EB5031B47BECC00729F8F /* Frameworks */,
				724EB5041B47BECC00729F8F /* Resources */,
			);
			buildRules = (
			);
			dependencies = (
				724EB5081B47BECC00729F8F /* PBXTargetDependency */,
			);
			name = o2gymTests;
			productName = o2gymTests;
			productReference = 724EB5061B47BECC00729F8F /* o2gymTests.xctest */;
			productType = "com.apple.product-type.bundle.unit-test";
		};
/* End PBXNativeTarget section */

/* Begin PBXProject section */
		724EB4E71B47BECC00729F8F /* Project object */ = {
			isa = PBXProject;
			attributes = {
				LastUpgradeCheck = 0630;
				ORGANIZATIONNAME = royn;
				TargetAttributes = {
					724EB4EE1B47BECC00729F8F = {
						CreatedOnToolsVersion = 6.3.2;
					};
					724EB5051B47BECC00729F8F = {
						CreatedOnToolsVersion = 6.3.2;
						TestTargetID = 724EB4EE1B47BECC00729F8F;
					};
				};
			};
			buildConfigurationList = 724EB4EA1B47BECC00729F8F /* Build configuration list for PBXProject "o2gym" */;
			compatibilityVersion = "Xcode 3.2";
			developmentRegion = English;
			hasScannedForEncodings = 0;
			knownRegions = (
				en,
				Base,
			);
			mainGroup = 724EB4E61B47BECC00729F8F;
			productRefGroup = 724EB4F01B47BECC00729F8F /* Products */;
			projectDirPath = "";
			projectRoot = "";
			targets = (
				724EB4EE1B47BECC00729F8F /* o2gym */,
				724EB5051B47BECC00729F8F /* o2gymTests */,
			);
		};
/* End PBXProject section */

/* Begin PBXResourcesBuildPhase section */
		724EB4ED1B47BECC00729F8F /* Resources */ = {
			isa = PBXResourcesBuildPhase;
			buildActionMask = 2147483647;
			files = (
				724EE8AE1B58BD3D001F8670 /* PickerView.xib in Resources */,
				72CAFFE91B5F49160093DC30 /* FeedMultPicViewCell.xib in Resources */,
				724652AF1B52A717004E69C1 /* Info.plist in Resources */,
				72420BB51B676FE000462032 /* listdownload.jpg in Resources */,
				724EB4FC1B47BECC00729F8F /* Main.storyboard in Resources */,
				729E18371B5DF828000B14EE /* FeedPicViewCell.xib in Resources */,
				723E598C1B5CDA10005EC263 /* RecommendCourseCell.xib in Resources */,
				724EE8AD1B58BD3D001F8670 /* LimCollectionViewCell.xib in Resources */,
				72CAFFEB1B5F7D950093DC30 /* FeedFwdHeaderView.xib in Resources */,
				724652A11B525821004E69C1 /* RecommendCoachCell.xib in Resources */,
				72CA00031B60FEDC0093DC30 /* FeedArticleViewCell.xib in Resources */,
				729E183C1B5E0ADF000B14EE /* FeedToolBarView.xib in Resources */,
				724EB5011B47BECC00729F8F /* LaunchScreen.xib in Resources */,
				72420BA01B66100200462032 /* FeedCoachViewCell.xib in Resources */,
				72420BB91B67DD3C00462032 /* MyPostViewController.xib in Resources */,
				72420BBD1B67E63400462032 /* AlbumViewController.xib in Resources */,
				724EE8BE1B5C06D5001F8670 /* yh.OTF in Resources */,
				7246529D1B52580A004E69C1 /* RecommendGymCell.xib in Resources */,
				729E18401B5E3562000B14EE /* FeedHeaderView.xib in Resources */,
				724652A51B525841004E69C1 /* RecommendUserCell.xib in Resources */,
				724EB4FE1B47BECC00729F8F /* Images.xcassets in Resources */,
				72420BC11B67E89F00462032 /* AlbumCell.xib in Resources */,
				724652971B5230EE004E69C1 /* RecommendArticleCell.xib in Resources */,
			);
			runOnlyForDeploymentPostprocessing = 0;
		};
		724EB5041B47BECC00729F8F /* Resources */ = {
			isa = PBXResourcesBuildPhase;
			buildActionMask = 2147483647;
			files = (
			);
			runOnlyForDeploymentPostprocessing = 0;
		};
/* End PBXResourcesBuildPhase section */

/* Begin PBXSourcesBuildPhase section */
		724EB4EB1B47BECC00729F8F /* Sources */ = {
			isa = PBXSourcesBuildPhase;
			buildActionMask = 2147483647;
			files = (
				723E82AD1B4D0E6100861D6D /* CommentViewController.swift in Sources */,
				724EB5471B4836F900729F8F /* Request.swift in Sources */,
				724652BE1B555C65004E69C1 /* TestViewController.swift in Sources */,
				729E18361B5DF828000B14EE /* FeedPicViewCell.swift in Sources */,
				724EE8AB1B58BD3D001F8670 /* LimCameraImagePickerViewController.swift in Sources */,
				723E599B1B5D2E99005EC263 /* Settings.swift in Sources */,
				724652BC1B54EF4E004E69C1 /* MyPost.swift in Sources */,
				724652B51B53EE9D004E69C1 /* CoachDetailViewController.swift in Sources */,
				72420BA21B66533F00462032 /* Timeline.swift in Sources */,
				72148C731B57852A00A063FF /* QNResumeUpload.m in Sources */,
				72CA00071B6141970093DC30 /* StringResource.swift in Sources */,
				72148C6D1B57852A00A063FF /* QNResponseInfo.m in Sources */,
				724EE8B41B595C6C001F8670 /* ImagePicker.swift in Sources */,
				723E82911B49756B00861D6D /* Gym.swift in Sources */,
				724652B01B52A717004E69C1 /* UIImageView+ImageLoader.swift in Sources */,
				72148C6B1B57852A00A063FF /* QNDns.m in Sources */,
				72CAFFED1B5F82090093DC30 /* FeedFwdHeaderView.swift in Sources */,
				724EE8B61B5BE1E2001F8670 /* RecommendItem.swift in Sources */,
				724EB4F91B47BECC00729F8F /* BusinessViewController.swift in Sources */,
				723E59951B5D1381005EC263 /* CircleViewController.swift in Sources */,
				72148C761B57852A00A063FF /* QNUpToken.m in Sources */,
				72148C691B57852A00A063FF /* QNEtag.m in Sources */,
				72148EEF1B578CC300A063FF /* AFHTTPSessionManager.m in Sources */,
				72148EF21B578CC300A063FF /* AFURLConnectionOperation.m in Sources */,
				72420BAD1B6750A600462032 /* ARSegmentPageHeader.m in Sources */,
				72148C6E1B57852A00A063FF /* QNSessionManager.m in Sources */,
				724EB4F51B47BECC00729F8F /* AppDelegate.swift in Sources */,
				72420BC01B67E89F00462032 /* AlbumCell.swift in Sources */,
				724EB5481B4836F900729F8F /* ResponseSerialization.swift in Sources */,
				723E82951B4A399A00861D6D /* BaseDataItem.swift in Sources */,
				724EB54A1B4836F900729F8F /* Validation.swift in Sources */,
				724652A41B525841004E69C1 /* RecommendUserCell.swift in Sources */,
				72CA00051B613D440093DC30 /* FeedHeaderProtocol.swift in Sources */,
				723E82931B4980AF00861D6D /* ext.swift in Sources */,
				728BD3A11B563F5300B3D3B0 /* Album.swift in Sources */,
				724EE8B21B595349001F8670 /* TestCollectionViewCell.swift in Sources */,
				723E82901B49756B00861D6D /* Course.swift in Sources */,
				723E829E1B4AC3D600861D6D /* Local.swift in Sources */,
				723E82A21B4C1ED100861D6D /* FeedViewController.swift in Sources */,
				72148EF11B578CC300A063FF /* AFSecurityPolicy.m in Sources */,
				72CA00091B621B7F0093DC30 /* ScrollUpdateProtocol.swift in Sources */,
				72420B9F1B66100200462032 /* FeedCoachViewCell.swift in Sources */,
				72148C741B57852A00A063FF /* QNUploadManager.m in Sources */,
				724652B81B54ECF2004E69C1 /* AlbumViewController.swift in Sources */,
				7246529C1B52580A004E69C1 /* RecommendGymCell.swift in Sources */,
				723E829C1B4A9A7300861D6D /* BaseDataList.swift in Sources */,
				723E598B1B5CDA10005EC263 /* RecommendCourseCell.swift in Sources */,
				72148C721B57852A00A063FF /* QNFormUpload.m in Sources */,
				724EE8B01B58D0DF001F8670 /* AlbumAddCell.swift in Sources */,
				724EB5491B4836F900729F8F /* Upload.swift in Sources */,
				72420BB31B6760A700462032 /* UIImage+ImageEffects.m in Sources */,
				728BD3A31B563F8400B3D3B0 /* Pic.swift in Sources */,
				729E18421B5E3853000B14EE /* FeedHeaderView.swift in Sources */,
				724EE8AC1B58BD3D001F8670 /* LimCollectionViewCell.swift in Sources */,
				723E82981B4A951900861D6D /* Feed.swift in Sources */,
				723E82881B49753500861D6D /* User.swift in Sources */,
				72148C711B57852A00A063FF /* QNConfiguration.m in Sources */,
				72CAFFE81B5F49160093DC30 /* FeedMultPicViewCell.swift in Sources */,
				724652AD1B52A717004E69C1 /* Diskcached.swift in Sources */,
				724652A01B525821004E69C1 /* RecommendCoachCell.swift in Sources */,
				729E182C1B5DF730000B14EE /* FeedStreamViewController.swift in Sources */,
				723E829A1B4A952400861D6D /* RecommendList.swift in Sources */,
				723E59931B5D12AC005EC263 /* UIViewController+MGSwipeTabBarController.m in Sources */,
				729E183E1B5E1B77000B14EE /* FeedToolBarView.swift in Sources */,
				72148C6F1B57852A00A063FF /* QNUserAgent.m in Sources */,
				723E59921B5D12AC005EC263 /* MGSwipeTabBarController.m in Sources */,
				72148EEE1B578CC300A063FF /* AFHTTPRequestOperationManager.m in Sources */,
				724EB5461B4836F900729F8F /* ParameterEncoding.swift in Sources */,
				72148EF51B578CC300A063FF /* AFURLSessionManager.m in Sources */,
				72CA00021B60FEDC0093DC30 /* FeedArticleViewCell.swift in Sources */,
				72420BB01B67539B00462032 /* UserDetailViewController.swift in Sources */,
				724652B31B538872004E69C1 /* Helper.swift in Sources */,
				7247EB9A1B6881A700A22F0C /* O2Nav.swift in Sources */,
				723E59881B5CB775005EC263 /* BaseViewCell.swift in Sources */,
				725AC7661B4F9C0D0049BB4F /* TabViewController.swift in Sources */,
				724652991B5232D5004E69C1 /* RecommendListViewController.swift in Sources */,
				72148EF41B578CC300A063FF /* AFURLResponseSerialization.m in Sources */,
				723E59991B5D15A7005EC263 /* HMSegmentedControl.m in Sources */,
				72148C751B57852A00A063FF /* QNUploadOption.m in Sources */,
				72148C671B57852A00A063FF /* QNAsyncRun.m in Sources */,
				72148C6A1B57852A00A063FF /* QNUrlSafeBase64.m in Sources */,
				724652BA1B54EEC6004E69C1 /* MyPostViewController.swift in Sources */,
				724652961B5230EE004E69C1 /* RecommendArticleCell.swift in Sources */,
				72148C6C1B57852A00A063FF /* QNHttpManager.m in Sources */,
				724EB53C1B4836A900729F8F /* Alamofire.swift in Sources */,
				72148C681B57852A00A063FF /* QNCrc32.m in Sources */,
				72148C661B57852A00A063FF /* GTM_Base64.m in Sources */,
				724652AE1B52A717004E69C1 /* ImageLoader.swift in Sources */,
				72420BAC1B6750A600462032 /* ARSegmentPageController.m in Sources */,
				72148EED1B578CC300A063FF /* AFHTTPRequestOperation.m in Sources */,
				724EB54E1B483B9C00729F8F /* Host.swift in Sources */,
				72148EF31B578CC300A063FF /* AFURLRequestSerialization.m in Sources */,
				723E82A51B4CF1BB00861D6D /* WeiboViewController.swift in Sources */,
				72148C701B57852A00A063FF /* QNFileRecorder.m in Sources */,
				724EB5451B4836F900729F8F /* Manager.swift in Sources */,
				72420BAE1B6750A600462032 /* ARSegmentView.m in Sources */,
				723E82811B492C6500861D6D /* SwiftyJSON.swift in Sources */,
				724EE8A51B58AF5F001F8670 /* WeiboPostViewController.swift in Sources */,
				723E82A01B4ACDEA00861D6D /* FirstViewController.swift in Sources */,
				723E82DE1B4EC77200861D6D /* Comments.swift in Sources */,
				72148EF01B578CC300A063FF /* AFNetworkReachabilityManager.m in Sources */,
				723E828F1B49756B00861D6D /* Article.swift in Sources */,
				724EB5441B4836F900729F8F /* Download.swift in Sources */,
				723E82891B49753500861D6D /* Weibo.swift in Sources */,
				728BD3A51B56458000B3D3B0 /* AlbumPicCell.swift in Sources */,
			);
			runOnlyForDeploymentPostprocessing = 0;
		};
		724EB5021B47BECC00729F8F /* Sources */ = {
			isa = PBXSourcesBuildPhase;
			buildActionMask = 2147483647;
			files = (
				724EB50D1B47BECC00729F8F /* o2gymTests.swift in Sources */,
			);
			runOnlyForDeploymentPostprocessing = 0;
		};
/* End PBXSourcesBuildPhase section */

/* Begin PBXTargetDependency section */
		724EB5081B47BECC00729F8F /* PBXTargetDependency */ = {
			isa = PBXTargetDependency;
			target = 724EB4EE1B47BECC00729F8F /* o2gym */;
			targetProxy = 724EB5071B47BECC00729F8F /* PBXContainerItemProxy */;
		};
/* End PBXTargetDependency section */

/* Begin PBXVariantGroup section */
		724EB4FA1B47BECC00729F8F /* Main.storyboard */ = {
			isa = PBXVariantGroup;
			children = (
				724EB4FB1B47BECC00729F8F /* Base */,
			);
			name = Main.storyboard;
			sourceTree = "<group>";
		};
		724EB4FF1B47BECC00729F8F /* LaunchScreen.xib */ = {
			isa = PBXVariantGroup;
			children = (
				724EB5001B47BECC00729F8F /* Base */,
			);
			name = LaunchScreen.xib;
			sourceTree = "<group>";
		};
/* End PBXVariantGroup section */

/* Begin XCBuildConfiguration section */
		724EB50E1B47BECC00729F8F /* Debug */ = {
			isa = XCBuildConfiguration;
			buildSettings = {
				ALWAYS_SEARCH_USER_PATHS = NO;
				CLANG_CXX_LANGUAGE_STANDARD = "gnu++0x";
				CLANG_CXX_LIBRARY = "libc++";
				CLANG_ENABLE_MODULES = YES;
				CLANG_ENABLE_OBJC_ARC = YES;
				CLANG_WARN_BOOL_CONVERSION = YES;
				CLANG_WARN_CONSTANT_CONVERSION = YES;
				CLANG_WARN_DIRECT_OBJC_ISA_USAGE = YES_ERROR;
				CLANG_WARN_EMPTY_BODY = YES;
				CLANG_WARN_ENUM_CONVERSION = YES;
				CLANG_WARN_INT_CONVERSION = YES;
				CLANG_WARN_OBJC_ROOT_CLASS = YES_ERROR;
				CLANG_WARN_UNREACHABLE_CODE = YES;
				CLANG_WARN__DUPLICATE_METHOD_MATCH = YES;
				"CODE_SIGN_IDENTITY[sdk=iphoneos*]" = "iPhone Developer";
				COPY_PHASE_STRIP = NO;
				DEBUG_INFORMATION_FORMAT = "dwarf-with-dsym";
				ENABLE_STRICT_OBJC_MSGSEND = YES;
				GCC_C_LANGUAGE_STANDARD = gnu99;
				GCC_DYNAMIC_NO_PIC = NO;
				GCC_NO_COMMON_BLOCKS = YES;
				GCC_OPTIMIZATION_LEVEL = 0;
				GCC_PREPROCESSOR_DEFINITIONS = (
					"DEBUG=1",
					"$(inherited)",
				);
				GCC_SYMBOLS_PRIVATE_EXTERN = NO;
				GCC_WARN_64_TO_32_BIT_CONVERSION = YES;
				GCC_WARN_ABOUT_RETURN_TYPE = YES_ERROR;
				GCC_WARN_UNDECLARED_SELECTOR = YES;
				GCC_WARN_UNINITIALIZED_AUTOS = YES_AGGRESSIVE;
				GCC_WARN_UNUSED_FUNCTION = YES;
				GCC_WARN_UNUSED_VARIABLE = YES;
				IPHONEOS_DEPLOYMENT_TARGET = 8.3;
				MTL_ENABLE_DEBUG_INFO = YES;
				ONLY_ACTIVE_ARCH = YES;
				SDKROOT = iphoneos;
				SWIFT_OPTIMIZATION_LEVEL = "-Onone";
			};
			name = Debug;
		};
		724EB50F1B47BECC00729F8F /* Release */ = {
			isa = XCBuildConfiguration;
			buildSettings = {
				ALWAYS_SEARCH_USER_PATHS = NO;
				CLANG_CXX_LANGUAGE_STANDARD = "gnu++0x";
				CLANG_CXX_LIBRARY = "libc++";
				CLANG_ENABLE_MODULES = YES;
				CLANG_ENABLE_OBJC_ARC = YES;
				CLANG_WARN_BOOL_CONVERSION = YES;
				CLANG_WARN_CONSTANT_CONVERSION = YES;
				CLANG_WARN_DIRECT_OBJC_ISA_USAGE = YES_ERROR;
				CLANG_WARN_EMPTY_BODY = YES;
				CLANG_WARN_ENUM_CONVERSION = YES;
				CLANG_WARN_INT_CONVERSION = YES;
				CLANG_WARN_OBJC_ROOT_CLASS = YES_ERROR;
				CLANG_WARN_UNREACHABLE_CODE = YES;
				CLANG_WARN__DUPLICATE_METHOD_MATCH = YES;
				"CODE_SIGN_IDENTITY[sdk=iphoneos*]" = "iPhone Developer";
				COPY_PHASE_STRIP = NO;
				DEBUG_INFORMATION_FORMAT = "dwarf-with-dsym";
				ENABLE_NS_ASSERTIONS = NO;
				ENABLE_STRICT_OBJC_MSGSEND = YES;
				GCC_C_LANGUAGE_STANDARD = gnu99;
				GCC_NO_COMMON_BLOCKS = YES;
				GCC_WARN_64_TO_32_BIT_CONVERSION = YES;
				GCC_WARN_ABOUT_RETURN_TYPE = YES_ERROR;
				GCC_WARN_UNDECLARED_SELECTOR = YES;
				GCC_WARN_UNINITIALIZED_AUTOS = YES_AGGRESSIVE;
				GCC_WARN_UNUSED_FUNCTION = YES;
				GCC_WARN_UNUSED_VARIABLE = YES;
				IPHONEOS_DEPLOYMENT_TARGET = 8.3;
				MTL_ENABLE_DEBUG_INFO = NO;
				SDKROOT = iphoneos;
				VALIDATE_PRODUCT = YES;
			};
			name = Release;
		};
		724EB5111B47BECC00729F8F /* Debug */ = {
			isa = XCBuildConfiguration;
			buildSettings = {
				ASSETCATALOG_COMPILER_APPICON_NAME = AppIcon;
				DEFINES_MODULE = YES;
				INFOPLIST_FILE = o2gym/Info.plist;
				LD_RUNPATH_SEARCH_PATHS = "$(inherited) @executable_path/Frameworks";
				New_Setting = "";
				PRODUCT_NAME = "$(TARGET_NAME)";
				SWIFT_OBJC_BRIDGING_HEADER = "o2gym-Bridging-Header.h";
			};
			name = Debug;
		};
		724EB5121B47BECC00729F8F /* Release */ = {
			isa = XCBuildConfiguration;
			buildSettings = {
				ASSETCATALOG_COMPILER_APPICON_NAME = AppIcon;
				DEFINES_MODULE = YES;
				INFOPLIST_FILE = o2gym/Info.plist;
				LD_RUNPATH_SEARCH_PATHS = "$(inherited) @executable_path/Frameworks";
				New_Setting = "";
				PRODUCT_NAME = "$(TARGET_NAME)";
				SWIFT_OBJC_BRIDGING_HEADER = "o2gym-Bridging-Header.h";
			};
			name = Release;
		};
		724EB5141B47BECC00729F8F /* Debug */ = {
			isa = XCBuildConfiguration;
			buildSettings = {
				BUNDLE_LOADER = "$(TEST_HOST)";
				FRAMEWORK_SEARCH_PATHS = (
					"$(SDKROOT)/Developer/Library/Frameworks",
					"$(inherited)",
				);
				GCC_PREPROCESSOR_DEFINITIONS = (
					"DEBUG=1",
					"$(inherited)",
				);
				INFOPLIST_FILE = o2gymTests/Info.plist;
				LD_RUNPATH_SEARCH_PATHS = "$(inherited) @executable_path/Frameworks @loader_path/Frameworks";
				PRODUCT_NAME = "$(TARGET_NAME)";
				TEST_HOST = "$(BUILT_PRODUCTS_DIR)/o2gym.app/o2gym";
			};
			name = Debug;
		};
		724EB5151B47BECC00729F8F /* Release */ = {
			isa = XCBuildConfiguration;
			buildSettings = {
				BUNDLE_LOADER = "$(TEST_HOST)";
				FRAMEWORK_SEARCH_PATHS = (
					"$(SDKROOT)/Developer/Library/Frameworks",
					"$(inherited)",
				);
				INFOPLIST_FILE = o2gymTests/Info.plist;
				LD_RUNPATH_SEARCH_PATHS = "$(inherited) @executable_path/Frameworks @loader_path/Frameworks";
				PRODUCT_NAME = "$(TARGET_NAME)";
				TEST_HOST = "$(BUILT_PRODUCTS_DIR)/o2gym.app/o2gym";
			};
			name = Release;
		};
/* End XCBuildConfiguration section */

/* Begin XCConfigurationList section */
		724EB4EA1B47BECC00729F8F /* Build configuration list for PBXProject "o2gym" */ = {
			isa = XCConfigurationList;
			buildConfigurations = (
				724EB50E1B47BECC00729F8F /* Debug */,
				724EB50F1B47BECC00729F8F /* Release */,
			);
			defaultConfigurationIsVisible = 0;
			defaultConfigurationName = Release;
		};
		724EB5101B47BECC00729F8F /* Build configuration list for PBXNativeTarget "o2gym" */ = {
			isa = XCConfigurationList;
			buildConfigurations = (
				724EB5111B47BECC00729F8F /* Debug */,
				724EB5121B47BECC00729F8F /* Release */,
			);
			defaultConfigurationIsVisible = 0;
			defaultConfigurationName = Release;
		};
		724EB5131B47BECC00729F8F /* Build configuration list for PBXNativeTarget "o2gymTests" */ = {
			isa = XCConfigurationList;
			buildConfigurations = (
				724EB5141B47BECC00729F8F /* Debug */,
				724EB5151B47BECC00729F8F /* Release */,
			);
			defaultConfigurationIsVisible = 0;
			defaultConfigurationName = Release;
		};
/* End XCConfigurationList section */
	};
	rootObject = 724EB4E71B47BECC00729F8F /* Project object */;
}
